// !$*UTF8*$!
{
	archiveVersion = 1;
	classes = {
	};
	objectVersion = 46;
	objects = {

/* Begin PBXBuildFile section */
		606973021998F82200083E79 /* Foundation.framework in Frameworks */ = {isa = PBXBuildFile; fileRef = 606973011998F82200083E79 /* Foundation.framework */; };
		606973041998F82200083E79 /* CoreGraphics.framework in Frameworks */ = {isa = PBXBuildFile; fileRef = 606973031998F82200083E79 /* CoreGraphics.framework */; };
		606973061998F82200083E79 /* UIKit.framework in Frameworks */ = {isa = PBXBuildFile; fileRef = 606973051998F82200083E79 /* UIKit.framework */; };
		6069730C1998F82200083E79 /* InfoPlist.strings in Resources */ = {isa = PBXBuildFile; fileRef = 6069730A1998F82200083E79 /* InfoPlist.strings */; };
		6069730E1998F82200083E79 /* main.m in Sources */ = {isa = PBXBuildFile; fileRef = 6069730D1998F82200083E79 /* main.m */; };
		606973121998F82200083E79 /* TLAAppDelegate.m in Sources */ = {isa = PBXBuildFile; fileRef = 606973111998F82200083E79 /* TLAAppDelegate.m */; };
		606973151998F82200083E79 /* Main.storyboard in Resources */ = {isa = PBXBuildFile; fileRef = 606973131998F82200083E79 /* Main.storyboard */; };
		6069731A1998F82300083E79 /* Images.xcassets in Resources */ = {isa = PBXBuildFile; fileRef = 606973191998F82300083E79 /* Images.xcassets */; };
		606973211998F82300083E79 /* XCTest.framework in Frameworks */ = {isa = PBXBuildFile; fileRef = 606973201998F82300083E79 /* XCTest.framework */; };
		606973221998F82300083E79 /* Foundation.framework in Frameworks */ = {isa = PBXBuildFile; fileRef = 606973011998F82200083E79 /* Foundation.framework */; };
		606973231998F82300083E79 /* UIKit.framework in Frameworks */ = {isa = PBXBuildFile; fileRef = 606973051998F82200083E79 /* UIKit.framework */; };
		6069732B1998F82300083E79 /* InfoPlist.strings in Resources */ = {isa = PBXBuildFile; fileRef = 606973291998F82300083E79 /* InfoPlist.strings */; };
		6069732D1998F82300083E79 /* Tweet_LikeTests.m in Sources */ = {isa = PBXBuildFile; fileRef = 6069732C1998F82300083E79 /* Tweet_LikeTests.m */; };
		6069733C1998FB2900083E79 /* TLATweetsTableViewController.m in Sources */ = {isa = PBXBuildFile; fileRef = 6069733B1998FB2900083E79 /* TLATweetsTableViewController.m */; };
		606973401998FF9400083E79 /* TLATweetCell.m in Sources */ = {isa = PBXBuildFile; fileRef = 6069733F1998FF9400083E79 /* TLATweetCell.m */; };
		606973431999055800083E79 /* TLANewTweetVC.m in Sources */ = {isa = PBXBuildFile; fileRef = 606973421999055800083E79 /* TLANewTweetVC.m */; };
		6069734519991FFA00083E79 /* header_logo.png in Resources */ = {isa = PBXBuildFile; fileRef = 6069734419991FFA00083E79 /* header_logo.png */; };
		60C5F8B1199BE77E00A0FFCB /* Podfile in Resources */ = {isa = PBXBuildFile; fileRef = 60C5F8B0199BE77E00A0FFCB /* Podfile */; };
		60C5F8B3199BF3A000A0FFCB /* launch_568.png in Resources */ = {isa = PBXBuildFile; fileRef = 60C5F8B2199BF3A000A0FFCB /* launch_568.png */; };
		60C5F8B5199BF3B000A0FFCB /* swipe_button.png in Resources */ = {isa = PBXBuildFile; fileRef = 60C5F8B4199BF3B000A0FFCB /* swipe_button.png */; };
		60C5F8B9199BF3E700A0FFCB /* heart.png in Resources */ = {isa = PBXBuildFile; fileRef = 60C5F8B8199BF3E700A0FFCB /* heart.png */; };
		60C5F8BB199BF8DE00A0FFCB /* Parse.framework in Frameworks */ = {isa = PBXBuildFile; fileRef = 60C5F8BA199BF8DE00A0FFCB /* Parse.framework */; };
		60C5F8BD199BF91B00A0FFCB /* AudioToolbox.framework in Frameworks */ = {isa = PBXBuildFile; fileRef = 60C5F8BC199BF91B00A0FFCB /* AudioToolbox.framework */; };
		60C5F8BF199BF92300A0FFCB /* CFNetwork.framework in Frameworks */ = {isa = PBXBuildFile; fileRef = 60C5F8BE199BF92300A0FFCB /* CFNetwork.framework */; };
		60C5F8C1199BF93000A0FFCB /* CoreLocation.framework in Frameworks */ = {isa = PBXBuildFile; fileRef = 60C5F8C0199BF93000A0FFCB /* CoreLocation.framework */; };
		60C5F8C3199BF93800A0FFCB /* libz.dylib in Frameworks */ = {isa = PBXBuildFile; fileRef = 60C5F8C2199BF93800A0FFCB /* libz.dylib */; };
		60C5F8C5199BF94300A0FFCB /* MobileCoreServices.framework in Frameworks */ = {isa = PBXBuildFile; fileRef = 60C5F8C4199BF94300A0FFCB /* MobileCoreServices.framework */; };
		60C5F8C7199BF94900A0FFCB /* QuartzCore.framework in Frameworks */ = {isa = PBXBuildFile; fileRef = 60C5F8C6199BF94900A0FFCB /* QuartzCore.framework */; };
		60C5F8C9199BF95400A0FFCB /* Security.framework in Frameworks */ = {isa = PBXBuildFile; fileRef = 60C5F8C8199BF95400A0FFCB /* Security.framework */; };
		60C5F8CB199BF95B00A0FFCB /* StoreKit.framework in Frameworks */ = {isa = PBXBuildFile; fileRef = 60C5F8CA199BF95B00A0FFCB /* StoreKit.framework */; };
		60C5F8CD199BF96400A0FFCB /* SystemConfiguration.framework in Frameworks */ = {isa = PBXBuildFile; fileRef = 60C5F8CC199BF96400A0FFCB /* SystemConfiguration.framework */; };
		DC6B7ECCFF064F9A97ECBA0E /* libPods.a in Frameworks */ = {isa = PBXBuildFile; fileRef = B03B6B2E41354B05AAF43233 /* libPods.a */; };
/* End PBXBuildFile section */

/* Begin PBXContainerItemProxy section */
		606973241998F82300083E79 /* PBXContainerItemProxy */ = {
			isa = PBXContainerItemProxy;
			containerPortal = 606972F61998F82200083E79 /* Project object */;
			proxyType = 1;
			remoteGlobalIDString = 606972FD1998F82200083E79;
			remoteInfo = "Tweet Like";
		};
/* End PBXContainerItemProxy section */

/* Begin PBXFileReference section */
		02A5510518B849B49800103C /* Pods.xcconfig */ = {isa = PBXFileReference; includeInIndex = 1; lastKnownFileType = text.xcconfig; name = Pods.xcconfig; path = Pods/Pods.xcconfig; sourceTree = "<group>"; };
		606972FE1998F82200083E79 /* Tweet Like.app */ = {isa = PBXFileReference; explicitFileType = wrapper.application; includeInIndex = 0; path = "Tweet Like.app"; sourceTree = BUILT_PRODUCTS_DIR; };
		606973011998F82200083E79 /* Foundation.framework */ = {isa = PBXFileReference; lastKnownFileType = wrapper.framework; name = Foundation.framework; path = System/Library/Frameworks/Foundation.framework; sourceTree = SDKROOT; };
		606973031998F82200083E79 /* CoreGraphics.framework */ = {isa = PBXFileReference; lastKnownFileType = wrapper.framework; name = CoreGraphics.framework; path = System/Library/Frameworks/CoreGraphics.framework; sourceTree = SDKROOT; };
		606973051998F82200083E79 /* UIKit.framework */ = {isa = PBXFileReference; lastKnownFileType = wrapper.framework; name = UIKit.framework; path = System/Library/Frameworks/UIKit.framework; sourceTree = SDKROOT; };
		606973091998F82200083E79 /* Tweet Like-Info.plist */ = {isa = PBXFileReference; lastKnownFileType = text.plist.xml; path = "Tweet Like-Info.plist"; sourceTree = "<group>"; };
		6069730B1998F82200083E79 /* en */ = {isa = PBXFileReference; lastKnownFileType = text.plist.strings; name = en; path = en.lproj/InfoPlist.strings; sourceTree = "<group>"; };
		6069730D1998F82200083E79 /* main.m */ = {isa = PBXFileReference; lastKnownFileType = sourcecode.c.objc; path = main.m; sourceTree = "<group>"; };
		6069730F1998F82200083E79 /* Tweet Like-Prefix.pch */ = {isa = PBXFileReference; lastKnownFileType = sourcecode.c.h; path = "Tweet Like-Prefix.pch"; sourceTree = "<group>"; };
		606973101998F82200083E79 /* TLAAppDelegate.h */ = {isa = PBXFileReference; lastKnownFileType = sourcecode.c.h; path = TLAAppDelegate.h; sourceTree = "<group>"; };
		606973111998F82200083E79 /* TLAAppDelegate.m */ = {isa = PBXFileReference; lastKnownFileType = sourcecode.c.objc; path = TLAAppDelegate.m; sourceTree = "<group>"; };
		606973141998F82200083E79 /* Base */ = {isa = PBXFileReference; lastKnownFileType = file.storyboard; name = Base; path = Base.lproj/Main.storyboard; sourceTree = "<group>"; };
		606973191998F82300083E79 /* Images.xcassets */ = {isa = PBXFileReference; lastKnownFileType = folder.assetcatalog; path = Images.xcassets; sourceTree = "<group>"; };
		6069731F1998F82300083E79 /* Tweet LikeTests.xctest */ = {isa = PBXFileReference; explicitFileType = wrapper.cfbundle; includeInIndex = 0; path = "Tweet LikeTests.xctest"; sourceTree = BUILT_PRODUCTS_DIR; };
		606973201998F82300083E79 /* XCTest.framework */ = {isa = PBXFileReference; lastKnownFileType = wrapper.framework; name = XCTest.framework; path = Library/Frameworks/XCTest.framework; sourceTree = DEVELOPER_DIR; };
		606973281998F82300083E79 /* Tweet LikeTests-Info.plist */ = {isa = PBXFileReference; lastKnownFileType = text.plist.xml; path = "Tweet LikeTests-Info.plist"; sourceTree = "<group>"; };
		6069732A1998F82300083E79 /* en */ = {isa = PBXFileReference; lastKnownFileType = text.plist.strings; name = en; path = en.lproj/InfoPlist.strings; sourceTree = "<group>"; };
		6069732C1998F82300083E79 /* Tweet_LikeTests.m */ = {isa = PBXFileReference; lastKnownFileType = sourcecode.c.objc; path = Tweet_LikeTests.m; sourceTree = "<group>"; };
		6069733A1998FB2900083E79 /* TLATweetsTableViewController.h */ = {isa = PBXFileReference; fileEncoding = 4; lastKnownFileType = sourcecode.c.h; path = TLATweetsTableViewController.h; sourceTree = "<group>"; };
		6069733B1998FB2900083E79 /* TLATweetsTableViewController.m */ = {isa = PBXFileReference; fileEncoding = 4; lastKnownFileType = sourcecode.c.objc; path = TLATweetsTableViewController.m; sourceTree = "<group>"; };
		6069733E1998FF9400083E79 /* TLATweetCell.h */ = {isa = PBXFileReference; fileEncoding = 4; lastKnownFileType = sourcecode.c.h; path = TLATweetCell.h; sourceTree = "<group>"; };
		6069733F1998FF9400083E79 /* TLATweetCell.m */ = {isa = PBXFileReference; fileEncoding = 4; lastKnownFileType = sourcecode.c.objc; path = TLATweetCell.m; sourceTree = "<group>"; };
		606973411999055800083E79 /* TLANewTweetVC.h */ = {isa = PBXFileReference; fileEncoding = 4; lastKnownFileType = sourcecode.c.h; path = TLANewTweetVC.h; sourceTree = "<group>"; };
		606973421999055800083E79 /* TLANewTweetVC.m */ = {isa = PBXFileReference; fileEncoding = 4; lastKnownFileType = sourcecode.c.objc; path = TLANewTweetVC.m; sourceTree = "<group>"; };
		6069734419991FFA00083E79 /* header_logo.png */ = {isa = PBXFileReference; lastKnownFileType = image.png; name = header_logo.png; path = ../../../../Downloads/header_logo.png; sourceTree = "<group>"; };
		60C5F8B0199BE77E00A0FFCB /* Podfile */ = {isa = PBXFileReference; fileEncoding = 4; lastKnownFileType = text; path = Podfile; sourceTree = "<group>"; xcLanguageSpecificationIdentifier = xcode.lang.ruby; };
		60C5F8B2199BF3A000A0FFCB /* launch_568.png */ = {isa = PBXFileReference; lastKnownFileType = image.png; name = launch_568.png; path = "../../../../Downloads/Tweet Like/launch_568.png"; sourceTree = "<group>"; };
		60C5F8B4199BF3B000A0FFCB /* swipe_button.png */ = {isa = PBXFileReference; lastKnownFileType = image.png; name = swipe_button.png; path = "../../../../Downloads/Tweet Like/swipe_button.png"; sourceTree = "<group>"; };
		60C5F8B8199BF3E700A0FFCB /* heart.png */ = {isa = PBXFileReference; lastKnownFileType = image.png; name = heart.png; path = "../../../../Downloads/Tweet Like 2/heart.png"; sourceTree = "<group>"; };
		60C5F8BA199BF8DE00A0FFCB /* Parse.framework */ = {isa = PBXFileReference; lastKnownFileType = wrapper.framework; name = Parse.framework; path = ../../../../Downloads/Parse.framework; sourceTree = "<group>"; };
		60C5F8BC199BF91B00A0FFCB /* AudioToolbox.framework */ = {isa = PBXFileReference; lastKnownFileType = wrapper.framework; name = AudioToolbox.framework; path = System/Library/Frameworks/AudioToolbox.framework; sourceTree = SDKROOT; };
		60C5F8BE199BF92300A0FFCB /* CFNetwork.framework */ = {isa = PBXFileReference; lastKnownFileType = wrapper.framework; name = CFNetwork.framework; path = System/Library/Frameworks/CFNetwork.framework; sourceTree = SDKROOT; };
		60C5F8C0199BF93000A0FFCB /* CoreLocation.framework */ = {isa = PBXFileReference; lastKnownFileType = wrapper.framework; name = CoreLocation.framework; path = System/Library/Frameworks/CoreLocation.framework; sourceTree = SDKROOT; };
		60C5F8C2199BF93800A0FFCB /* libz.dylib */ = {isa = PBXFileReference; lastKnownFileType = "compiled.mach-o.dylib"; name = libz.dylib; path = usr/lib/libz.dylib; sourceTree = SDKROOT; };
		60C5F8C4199BF94300A0FFCB /* MobileCoreServices.framework */ = {isa = PBXFileReference; lastKnownFileType = wrapper.framework; name = MobileCoreServices.framework; path = System/Library/Frameworks/MobileCoreServices.framework; sourceTree = SDKROOT; };
		60C5F8C6199BF94900A0FFCB /* QuartzCore.framework */ = {isa = PBXFileReference; lastKnownFileType = wrapper.framework; name = QuartzCore.framework; path = System/Library/Frameworks/QuartzCore.framework; sourceTree = SDKROOT; };
		60C5F8C8199BF95400A0FFCB /* Security.framework */ = {isa = PBXFileReference; lastKnownFileType = wrapper.framework; name = Security.framework; path = System/Library/Frameworks/Security.framework; sourceTree = SDKROOT; };
		60C5F8CA199BF95B00A0FFCB /* StoreKit.framework */ = {isa = PBXFileReference; lastKnownFileType = wrapper.framework; name = StoreKit.framework; path = System/Library/Frameworks/StoreKit.framework; sourceTree = SDKROOT; };
		60C5F8CC199BF96400A0FFCB /* SystemConfiguration.framework */ = {isa = PBXFileReference; lastKnownFileType = wrapper.framework; name = SystemConfiguration.framework; path = System/Library/Frameworks/SystemConfiguration.framework; sourceTree = SDKROOT; };
		B03B6B2E41354B05AAF43233 /* libPods.a */ = {isa = PBXFileReference; explicitFileType = archive.ar; includeInIndex = 0; path = libPods.a; sourceTree = BUILT_PRODUCTS_DIR; };
/* End PBXFileReference section */

/* Begin PBXFrameworksBuildPhase section */
		606972FB1998F82200083E79 /* Frameworks */ = {
			isa = PBXFrameworksBuildPhase;
			buildActionMask = 2147483647;
			files = (
				60C5F8CD199BF96400A0FFCB /* SystemConfiguration.framework in Frameworks */,
				60C5F8CB199BF95B00A0FFCB /* StoreKit.framework in Frameworks */,
				60C5F8C9199BF95400A0FFCB /* Security.framework in Frameworks */,
				60C5F8C7199BF94900A0FFCB /* QuartzCore.framework in Frameworks */,
				60C5F8C5199BF94300A0FFCB /* MobileCoreServices.framework in Frameworks */,
				60C5F8C3199BF93800A0FFCB /* libz.dylib in Frameworks */,
				60C5F8C1199BF93000A0FFCB /* CoreLocation.framework in Frameworks */,
				60C5F8BF199BF92300A0FFCB /* CFNetwork.framework in Frameworks */,
				60C5F8BD199BF91B00A0FFCB /* AudioToolbox.framework in Frameworks */,
				606973041998F82200083E79 /* CoreGraphics.framework in Frameworks */,
				606973061998F82200083E79 /* UIKit.framework in Frameworks */,
				606973021998F82200083E79 /* Foundation.framework in Frameworks */,
				DC6B7ECCFF064F9A97ECBA0E /* libPods.a in Frameworks */,
				60C5F8BB199BF8DE00A0FFCB /* Parse.framework in Frameworks */,
			);
			runOnlyForDeploymentPostprocessing = 0;
		};
		6069731C1998F82300083E79 /* Frameworks */ = {
			isa = PBXFrameworksBuildPhase;
			buildActionMask = 2147483647;
			files = (
				606973211998F82300083E79 /* XCTest.framework in Frameworks */,
				606973231998F82300083E79 /* UIKit.framework in Frameworks */,
				606973221998F82300083E79 /* Foundation.framework in Frameworks */,
			);
			runOnlyForDeploymentPostprocessing = 0;
		};
/* End PBXFrameworksBuildPhase section */

/* Begin PBXGroup section */
		606972F51998F82200083E79 = {
			isa = PBXGroup;
			children = (
				60C5F8B8199BF3E700A0FFCB /* heart.png */,
				60C5F8B4199BF3B000A0FFCB /* swipe_button.png */,
				60C5F8B2199BF3A000A0FFCB /* launch_568.png */,
				60C5F8B0199BE77E00A0FFCB /* Podfile */,
				6069734419991FFA00083E79 /* header_logo.png */,
				606973071998F82200083E79 /* Tweet Like */,
				606973261998F82300083E79 /* Tweet LikeTests */,
				606973001998F82200083E79 /* Frameworks */,
				606972FF1998F82200083E79 /* Products */,
				02A5510518B849B49800103C /* Pods.xcconfig */,
			);
			sourceTree = "<group>";
		};
		606972FF1998F82200083E79 /* Products */ = {
			isa = PBXGroup;
			children = (
				606972FE1998F82200083E79 /* Tweet Like.app */,
				6069731F1998F82300083E79 /* Tweet LikeTests.xctest */,
			);
			name = Products;
			sourceTree = "<group>";
		};
		606973001998F82200083E79 /* Frameworks */ = {
			isa = PBXGroup;
			children = (
				60C5F8CC199BF96400A0FFCB /* SystemConfiguration.framework */,
				60C5F8CA199BF95B00A0FFCB /* StoreKit.framework */,
				60C5F8C8199BF95400A0FFCB /* Security.framework */,
				60C5F8C6199BF94900A0FFCB /* QuartzCore.framework */,
				60C5F8C4199BF94300A0FFCB /* MobileCoreServices.framework */,
				60C5F8C2199BF93800A0FFCB /* libz.dylib */,
				60C5F8C0199BF93000A0FFCB /* CoreLocation.framework */,
				60C5F8BE199BF92300A0FFCB /* CFNetwork.framework */,
				60C5F8BC199BF91B00A0FFCB /* AudioToolbox.framework */,
				60C5F8BA199BF8DE00A0FFCB /* Parse.framework */,
				606973011998F82200083E79 /* Foundation.framework */,
				606973031998F82200083E79 /* CoreGraphics.framework */,
				606973051998F82200083E79 /* UIKit.framework */,
				606973201998F82300083E79 /* XCTest.framework */,
				B03B6B2E41354B05AAF43233 /* libPods.a */,
			);
			name = Frameworks;
			sourceTree = "<group>";
		};
		606973071998F82200083E79 /* Tweet Like */ = {
			isa = PBXGroup;
			children = (
				606973361998FAEB00083E79 /* Controllers */,
				606973101998F82200083E79 /* TLAAppDelegate.h */,
				606973111998F82200083E79 /* TLAAppDelegate.m */,
				606973131998F82200083E79 /* Main.storyboard */,
				606973191998F82300083E79 /* Images.xcassets */,
				606973081998F82200083E79 /* Supporting Files */,
			);
			path = "Tweet Like";
			sourceTree = "<group>";
		};
		606973081998F82200083E79 /* Supporting Files */ = {
			isa = PBXGroup;
			children = (
				606973091998F82200083E79 /* Tweet Like-Info.plist */,
				6069730A1998F82200083E79 /* InfoPlist.strings */,
				6069730D1998F82200083E79 /* main.m */,
				6069730F1998F82200083E79 /* Tweet Like-Prefix.pch */,
			);
			name = "Supporting Files";
			sourceTree = "<group>";
		};
		606973261998F82300083E79 /* Tweet LikeTests */ = {
			isa = PBXGroup;
			children = (
				6069732C1998F82300083E79 /* Tweet_LikeTests.m */,
				606973271998F82300083E79 /* Supporting Files */,
			);
			path = "Tweet LikeTests";
			sourceTree = "<group>";
		};
		606973271998F82300083E79 /* Supporting Files */ = {
			isa = PBXGroup;
			children = (
				606973281998F82300083E79 /* Tweet LikeTests-Info.plist */,
				606973291998F82300083E79 /* InfoPlist.strings */,
			);
			name = "Supporting Files";
			sourceTree = "<group>";
		};
		606973361998FAEB00083E79 /* Controllers */ = {
			isa = PBXGroup;
			children = (
				6069733A1998FB2900083E79 /* TLATweetsTableViewController.h */,
				6069733B1998FB2900083E79 /* TLATweetsTableViewController.m */,
				6069733D1998FF4B00083E79 /* Tweets TVC */,
				606973411999055800083E79 /* TLANewTweetVC.h */,
				606973421999055800083E79 /* TLANewTweetVC.m */,
			);
			name = Controllers;
			sourceTree = "<group>";
		};
		6069733D1998FF4B00083E79 /* Tweets TVC */ = {
			isa = PBXGroup;
			children = (
				6069733E1998FF9400083E79 /* TLATweetCell.h */,
				6069733F1998FF9400083E79 /* TLATweetCell.m */,
			);
			name = "Tweets TVC";
			sourceTree = "<group>";
		};
/* End PBXGroup section */

/* Begin PBXNativeTarget section */
		606972FD1998F82200083E79 /* Tweet Like */ = {
			isa = PBXNativeTarget;
			buildConfigurationList = 606973301998F82300083E79 /* Build configuration list for PBXNativeTarget "Tweet Like" */;
			buildPhases = (
				355EE346812F4A1AB41509D0 /* Check Pods Manifest.lock */,
				606972FA1998F82200083E79 /* Sources */,
				606972FB1998F82200083E79 /* Frameworks */,
				606972FC1998F82200083E79 /* Resources */,
				924A7A7DF162446E89C4076A /* Copy Pods Resources */,
			);
			buildRules = (
			);
			dependencies = (
			);
			name = "Tweet Like";
			productName = "Tweet Like";
			productReference = 606972FE1998F82200083E79 /* Tweet Like.app */;
			productType = "com.apple.product-type.application";
		};
		6069731E1998F82300083E79 /* Tweet LikeTests */ = {
			isa = PBXNativeTarget;
			buildConfigurationList = 606973331998F82300083E79 /* Build configuration list for PBXNativeTarget "Tweet LikeTests" */;
			buildPhases = (
				6069731B1998F82300083E79 /* Sources */,
				6069731C1998F82300083E79 /* Frameworks */,
				6069731D1998F82300083E79 /* Resources */,
			);
			buildRules = (
			);
			dependencies = (
				606973251998F82300083E79 /* PBXTargetDependency */,
			);
			name = "Tweet LikeTests";
			productName = "Tweet LikeTests";
			productReference = 6069731F1998F82300083E79 /* Tweet LikeTests.xctest */;
			productType = "com.apple.product-type.bundle.unit-test";
		};
/* End PBXNativeTarget section */

/* Begin PBXProject section */
		606972F61998F82200083E79 /* Project object */ = {
			isa = PBXProject;
			attributes = {
				CLASSPREFIX = TLA;
				LastUpgradeCheck = 0510;
				ORGANIZATIONNAME = "Shane Sniteman";
				TargetAttributes = {
					6069731E1998F82300083E79 = {
						TestTargetID = 606972FD1998F82200083E79;
					};
				};
			};
			buildConfigurationList = 606972F91998F82200083E79 /* Build configuration list for PBXProject "Tweet Like" */;
			compatibilityVersion = "Xcode 3.2";
			developmentRegion = English;
			hasScannedForEncodings = 0;
			knownRegions = (
				en,
				Base,
			);
			mainGroup = 606972F51998F82200083E79;
			productRefGroup = 606972FF1998F82200083E79 /* Products */;
			projectDirPath = "";
			projectRoot = "";
			targets = (
				606972FD1998F82200083E79 /* Tweet Like */,
				6069731E1998F82300083E79 /* Tweet LikeTests */,
			);
		};
/* End PBXProject section */

/* Begin PBXResourcesBuildPhase section */
		606972FC1998F82200083E79 /* Resources */ = {
			isa = PBXResourcesBuildPhase;
			buildActionMask = 2147483647;
			files = (
				60C5F8B9199BF3E700A0FFCB /* heart.png in Resources */,
				60C5F8B3199BF3A000A0FFCB /* launch_568.png in Resources */,
				60C5F8B1199BE77E00A0FFCB /* Podfile in Resources */,
				60C5F8B5199BF3B000A0FFCB /* swipe_button.png in Resources */,
				6069731A1998F82300083E79 /* Images.xcassets in Resources */,
				6069730C1998F82200083E79 /* InfoPlist.strings in Resources */,
				606973151998F82200083E79 /* Main.storyboard in Resources */,
				6069734519991FFA00083E79 /* header_logo.png in Resources */,
			);
			runOnlyForDeploymentPostprocessing = 0;
		};
		6069731D1998F82300083E79 /* Resources */ = {
			isa = PBXResourcesBuildPhase;
			buildActionMask = 2147483647;
			files = (
				6069732B1998F82300083E79 /* InfoPlist.strings in Resources */,
			);
			runOnlyForDeploymentPostprocessing = 0;
		};
/* End PBXResourcesBuildPhase section */

/* Begin PBXShellScriptBuildPhase section */
		355EE346812F4A1AB41509D0 /* Check Pods Manifest.lock */ = {
			isa = PBXShellScriptBuildPhase;
			buildActionMask = 2147483647;
			files = (
			);
			inputPaths = (
			);
			name = "Check Pods Manifest.lock";
			outputPaths = (
			);
			runOnlyForDeploymentPostprocessing = 0;
			shellPath = /bin/sh;
			shellScript = "diff \"${PODS_ROOT}/../Podfile.lock\" \"${PODS_ROOT}/Manifest.lock\" > /dev/null\nif [[ $? != 0 ]] ; then\n    cat << EOM\nerror: The sandbox is not in sync with the Podfile.lock. Run 'pod install' or update your CocoaPods installation.\nEOM\n    exit 1\nfi\n";
			showEnvVarsInLog = 0;
		};
		924A7A7DF162446E89C4076A /* Copy Pods Resources */ = {
			isa = PBXShellScriptBuildPhase;
			buildActionMask = 2147483647;
			files = (
			);
			inputPaths = (
			);
			name = "Copy Pods Resources";
			outputPaths = (
			);
			runOnlyForDeploymentPostprocessing = 0;
			shellPath = /bin/sh;
			shellScript = "\"${SRCROOT}/Pods/Pods-resources.sh\"\n";
			showEnvVarsInLog = 0;
		};
/* End PBXShellScriptBuildPhase section */

/* Begin PBXSourcesBuildPhase section */
		606972FA1998F82200083E79 /* Sources */ = {
			isa = PBXSourcesBuildPhase;
			buildActionMask = 2147483647;
			files = (
				606973121998F82200083E79 /* TLAAppDelegate.m in Sources */,
				6069730E1998F82200083E79 /* main.m in Sources */,
				6069733C1998FB2900083E79 /* TLATweetsTableViewController.m in Sources */,
				606973401998FF9400083E79 /* TLATweetCell.m in Sources */,
				606973431999055800083E79 /* TLANewTweetVC.m in Sources */,
			);
			runOnlyForDeploymentPostprocessing = 0;
		};
		6069731B1998F82300083E79 /* Sources */ = {
			isa = PBXSourcesBuildPhase;
			buildActionMask = 2147483647;
			files = (
				6069732D1998F82300083E79 /* Tweet_LikeTests.m in Sources */,
			);
			runOnlyForDeploymentPostprocessing = 0;
		};
/* End PBXSourcesBuildPhase section */

/* Begin PBXTargetDependency section */
		606973251998F82300083E79 /* PBXTargetDependency */ = {
			isa = PBXTargetDependency;
			target = 606972FD1998F82200083E79 /* Tweet Like */;
			targetProxy = 606973241998F82300083E79 /* PBXContainerItemProxy */;
		};
/* End PBXTargetDependency section */

/* Begin PBXVariantGroup section */
		6069730A1998F82200083E79 /* InfoPlist.strings */ = {
			isa = PBXVariantGroup;
			children = (
				6069730B1998F82200083E79 /* en */,
			);
			name = InfoPlist.strings;
			sourceTree = "<group>";
		};
		606973131998F82200083E79 /* Main.storyboard */ = {
			isa = PBXVariantGroup;
			children = (
				606973141998F82200083E79 /* Base */,
			);
			name = Main.storyboard;
			sourceTree = "<group>";
		};
		606973291998F82300083E79 /* InfoPlist.strings */ = {
			isa = PBXVariantGroup;
			children = (
				6069732A1998F82300083E79 /* en */,
			);
			name = InfoPlist.strings;
			sourceTree = "<group>";
		};
/* End PBXVariantGroup section */

/* Begin XCBuildConfiguration section */
		6069732E1998F82300083E79 /* Debug */ = {
			isa = XCBuildConfiguration;
			buildSettings = {
				ALWAYS_SEARCH_USER_PATHS = NO;
				CLANG_CXX_LANGUAGE_STANDARD = "gnu++0x";
				CLANG_CXX_LIBRARY = "libc++";
				CLANG_ENABLE_MODULES = YES;
				CLANG_ENABLE_OBJC_ARC = YES;
				CLANG_WARN_BOOL_CONVERSION = YES;
				CLANG_WARN_CONSTANT_CONVERSION = YES;
				CLANG_WARN_DIRECT_OBJC_ISA_USAGE = YES_ERROR;
				CLANG_WARN_EMPTY_BODY = YES;
				CLANG_WARN_ENUM_CONVERSION = YES;
				CLANG_WARN_INT_CONVERSION = YES;
				CLANG_WARN_OBJC_ROOT_CLASS = YES_ERROR;
				CLANG_WARN__DUPLICATE_METHOD_MATCH = YES;
				"CODE_SIGN_IDENTITY[sdk=iphoneos*]" = "iPhone Developer";
				COPY_PHASE_STRIP = NO;
				GCC_C_LANGUAGE_STANDARD = gnu99;
				GCC_DYNAMIC_NO_PIC = NO;
				GCC_OPTIMIZATION_LEVEL = 0;
				GCC_PREPROCESSOR_DEFINITIONS = (
					"DEBUG=1",
					"$(inherited)",
				);
				GCC_SYMBOLS_PRIVATE_EXTERN = NO;
				GCC_WARN_64_TO_32_BIT_CONVERSION = YES;
				GCC_WARN_ABOUT_RETURN_TYPE = YES_ERROR;
				GCC_WARN_UNDECLARED_SELECTOR = YES;
				GCC_WARN_UNINITIALIZED_AUTOS = YES_AGGRESSIVE;
				GCC_WARN_UNUSED_FUNCTION = YES;
				GCC_WARN_UNUSED_VARIABLE = YES;
				IPHONEOS_DEPLOYMENT_TARGET = 7.1;
				ONLY_ACTIVE_ARCH = YES;
				SDKROOT = iphoneos;
			};
			name = Debug;
		};
		6069732F1998F82300083E79 /* Release */ = {
			isa = XCBuildConfiguration;
			buildSettings = {
				ALWAYS_SEARCH_USER_PATHS = NO;
				CLANG_CXX_LANGUAGE_STANDARD = "gnu++0x";
				CLANG_CXX_LIBRARY = "libc++";
				CLANG_ENABLE_MODULES = YES;
				CLANG_ENABLE_OBJC_ARC = YES;
				CLANG_WARN_BOOL_CONVERSION = YES;
				CLANG_WARN_CONSTANT_CONVERSION = YES;
				CLANG_WARN_DIRECT_OBJC_ISA_USAGE = YES_ERROR;
				CLANG_WARN_EMPTY_BODY = YES;
				CLANG_WARN_ENUM_CONVERSION = YES;
				CLANG_WARN_INT_CONVERSION = YES;
				CLANG_WARN_OBJC_ROOT_CLASS = YES_ERROR;
				CLANG_WARN__DUPLICATE_METHOD_MATCH = YES;
				"CODE_SIGN_IDENTITY[sdk=iphoneos*]" = "iPhone Developer";
				COPY_PHASE_STRIP = YES;
				ENABLE_NS_ASSERTIONS = NO;
				GCC_C_LANGUAGE_STANDARD = gnu99;
				GCC_WARN_64_TO_32_BIT_CONVERSION = YES;
				GCC_WARN_ABOUT_RETURN_TYPE = YES_ERROR;
				GCC_WARN_UNDECLARED_SELECTOR = YES;
				GCC_WARN_UNINITIALIZED_AUTOS = YES_AGGRESSIVE;
				GCC_WARN_UNUSED_FUNCTION = YES;
				GCC_WARN_UNUSED_VARIABLE = YES;
				IPHONEOS_DEPLOYMENT_TARGET = 7.1;
				SDKROOT = iphoneos;
				VALIDATE_PRODUCT = YES;
			};
			name = Release;
		};
		606973311998F82300083E79 /* Debug */ = {
			isa = XCBuildConfiguration;
			baseConfigurationReference = 02A5510518B849B49800103C /* Pods.xcconfig */;
			buildSettings = {
				ASSETCATALOG_COMPILER_APPICON_NAME = AppIcon;
				ASSETCATALOG_COMPILER_LAUNCHIMAGE_NAME = LaunchImage;
				FRAMEWORK_SEARCH_PATHS = (
					"$(inherited)",
					/Users/shanesniteman/Downloads,
				);
				GCC_PRECOMPILE_PREFIX_HEADER = YES;
				GCC_PREFIX_HEADER = "Tweet Like/Tweet Like-Prefix.pch";
				INFOPLIST_FILE = "Tweet Like/Tweet Like-Info.plist";
				OTHER_LDFLAGS = (
					"-framework",
					CoreGraphics,
					"-framework",
					MobileCoreServices,
					"-framework",
					Security,
					"-framework",
					SystemConfiguration,
				);
				PRODUCT_NAME = "$(TARGET_NAME)";
				WRAPPER_EXTENSION = app;
			};
			name = Debug;
		};
		606973321998F82300083E79 /* Release */ = {
			isa = XCBuildConfiguration;
			baseConfigurationReference = 02A5510518B849B49800103C /* Pods.xcconfig */;
			buildSettings = {
				ASSETCATALOG_COMPILER_APPICON_NAME = AppIcon;
				ASSETCATALOG_COMPILER_LAUNCHIMAGE_NAME = LaunchImage;
				FRAMEWORK_SEARCH_PATHS = (
					"$(inherited)",
					/Users/shanesniteman/Downloads,
				);
				GCC_PRECOMPILE_PREFIX_HEADER = YES;
				GCC_PREFIX_HEADER = "Tweet Like/Tweet Like-Prefix.pch";
				INFOPLIST_FILE = "Tweet Like/Tweet Like-Info.plist";
				OTHER_LDFLAGS = (
					"-framework",
					CoreGraphics,
					"-framework",
					MobileCoreServices,
					"-framework",
					Security,
					"-framework",
					SystemConfiguration,
				);
				PRODUCT_NAME = "$(TARGET_NAME)";
				WRAPPER_EXTENSION = app;
			};
			name = Release;
		};
		606973341998F82300083E79 /* Debug */ = {
			isa = XCBuildConfiguration;
			buildSettings = {
				BUNDLE_LOADER = "$(BUILT_PRODUCTS_DIR)/Tweet Like.app/Tweet Like";
				FRAMEWORK_SEARCH_PATHS = (
					"$(SDKROOT)/Developer/Library/Frameworks",
					"$(inherited)",
					"$(DEVELOPER_FRAMEWORKS_DIR)",
				);
				GCC_PRECOMPILE_PREFIX_HEADER = YES;
				GCC_PREFIX_HEADER = "Tweet Like/Tweet Like-Prefix.pch";
				GCC_PREPROCESSOR_DEFINITIONS = (
					"DEBUG=1",
					"$(inherited)",
				);
				INFOPLIST_FILE = "Tweet LikeTests/Tweet LikeTests-Info.plist";
				PRODUCT_NAME = "$(TARGET_NAME)";
				TEST_HOST = "$(BUNDLE_LOADER)";
				WRAPPER_EXTENSION = xctest;
			};
			name = Debug;
		};
		606973351998F82300083E79 /* Release */ = {
			isa = XCBuildConfiguration;
			buildSettings = {
				BUNDLE_LOADER = "$(BUILT_PRODUCTS_DIR)/Tweet Like.app/Tweet Like";
				FRAMEWORK_SEARCH_PATHS = (
					"$(SDKROOT)/Developer/Library/Frameworks",
					"$(inherited)",
					"$(DEVELOPER_FRAMEWORKS_DIR)",
				);
				GCC_PRECOMPILE_PREFIX_HEADER = YES;
				GCC_PREFIX_HEADER = "Tweet Like/Tweet Like-Prefix.pch";
				INFOPLIST_FILE = "Tweet LikeTests/Tweet LikeTests-Info.plist";
				PRODUCT_NAME = "$(TARGET_NAME)";
				TEST_HOST = "$(BUNDLE_LOADER)";
				WRAPPER_EXTENSION = xctest;
			};
			name = Release;
		};
/* End XCBuildConfiguration section */

/* Begin XCConfigurationList section */
		606972F91998F82200083E79 /* Build configuration list for PBXProject "Tweet Like" */ = {
			isa = XCConfigurationList;
			buildConfigurations = (
				6069732E1998F82300083E79 /* Debug */,
				6069732F1998F82300083E79 /* Release */,
			);
			defaultConfigurationIsVisible = 0;
			defaultConfigurationName = Release;
		};
		606973301998F82300083E79 /* Build configuration list for PBXNativeTarget "Tweet Like" */ = {
			isa = XCConfigurationList;
			buildConfigurations = (
				606973311998F82300083E79 /* Debug */,
				606973321998F82300083E79 /* Release */,
			);
			defaultConfigurationIsVisible = 0;
			defaultConfigurationName = Release;
		};
		606973331998F82300083E79 /* Build configuration list for PBXNativeTarget "Tweet LikeTests" */ = {
			isa = XCConfigurationList;
			buildConfigurations = (
				606973341998F82300083E79 /* Debug */,
				606973351998F82300083E79 /* Release */,
			);
			defaultConfigurationIsVisible = 0;
			defaultConfigurationName = Release;
		};
/* End XCConfigurationList section */
	};
	rootObject = 606972F61998F82200083E79 /* Project object */;
}
