// !$*UTF8*$!
{
	archiveVersion = 1;
	classes = {
	};
	objectVersion = 46;
	objects = {

/* Begin PBXBuildFile section */
		60328813199D39F50047EA6A /* Foundation.framework in Frameworks */ = {isa = PBXBuildFile; fileRef = 60328812199D39F50047EA6A /* Foundation.framework */; };
		60328815199D39F50047EA6A /* CoreGraphics.framework in Frameworks */ = {isa = PBXBuildFile; fileRef = 60328814199D39F50047EA6A /* CoreGraphics.framework */; };
		60328817199D39F50047EA6A /* UIKit.framework in Frameworks */ = {isa = PBXBuildFile; fileRef = 60328816199D39F50047EA6A /* UIKit.framework */; };
		6032881D199D39F50047EA6A /* InfoPlist.strings in Resources */ = {isa = PBXBuildFile; fileRef = 6032881B199D39F50047EA6A /* InfoPlist.strings */; };
		6032881F199D39F50047EA6A /* main.m in Sources */ = {isa = PBXBuildFile; fileRef = 6032881E199D39F50047EA6A /* main.m */; };
		60328823199D39F50047EA6A /* LABAppDelegate.m in Sources */ = {isa = PBXBuildFile; fileRef = 60328822199D39F50047EA6A /* LABAppDelegate.m */; };
		60328825199D39F50047EA6A /* Images.xcassets in Resources */ = {isa = PBXBuildFile; fileRef = 60328824199D39F50047EA6A /* Images.xcassets */; };
		6032882C199D39F50047EA6A /* XCTest.framework in Frameworks */ = {isa = PBXBuildFile; fileRef = 6032882B199D39F50047EA6A /* XCTest.framework */; };
		6032882D199D39F50047EA6A /* Foundation.framework in Frameworks */ = {isa = PBXBuildFile; fileRef = 60328812199D39F50047EA6A /* Foundation.framework */; };
		6032882E199D39F50047EA6A /* UIKit.framework in Frameworks */ = {isa = PBXBuildFile; fileRef = 60328816199D39F50047EA6A /* UIKit.framework */; };
		60328836199D39F50047EA6A /* InfoPlist.strings in Resources */ = {isa = PBXBuildFile; fileRef = 60328834199D39F50047EA6A /* InfoPlist.strings */; };
		60328838199D39F50047EA6A /* LabyrinthTests.m in Sources */ = {isa = PBXBuildFile; fileRef = 60328837199D39F50047EA6A /* LabyrinthTests.m */; };
		60328843199D3A060047EA6A /* LABViewController.m in Sources */ = {isa = PBXBuildFile; fileRef = 60328842199D3A060047EA6A /* LABViewController.m */; };
		60328846199D3CCE0047EA6A /* LABGraphView.m in Sources */ = {isa = PBXBuildFile; fileRef = 60328845199D3CCE0047EA6A /* LABGraphView.m */; };
/* End PBXBuildFile section */

/* Begin PBXContainerItemProxy section */
		6032882F199D39F50047EA6A /* PBXContainerItemProxy */ = {
			isa = PBXContainerItemProxy;
			containerPortal = 60328807199D39F50047EA6A /* Project object */;
			proxyType = 1;
			remoteGlobalIDString = 6032880E199D39F50047EA6A;
			remoteInfo = Labyrinth;
		};
/* End PBXContainerItemProxy section */

/* Begin PBXFileReference section */
		6032880F199D39F50047EA6A /* Labyrinth.app */ = {isa = PBXFileReference; explicitFileType = wrapper.application; includeInIndex = 0; path = Labyrinth.app; sourceTree = BUILT_PRODUCTS_DIR; };
		60328812199D39F50047EA6A /* Foundation.framework */ = {isa = PBXFileReference; lastKnownFileType = wrapper.framework; name = Foundation.framework; path = System/Library/Frameworks/Foundation.framework; sourceTree = SDKROOT; };
		60328814199D39F50047EA6A /* CoreGraphics.framework */ = {isa = PBXFileReference; lastKnownFileType = wrapper.framework; name = CoreGraphics.framework; path = System/Library/Frameworks/CoreGraphics.framework; sourceTree = SDKROOT; };
		60328816199D39F50047EA6A /* UIKit.framework */ = {isa = PBXFileReference; lastKnownFileType = wrapper.framework; name = UIKit.framework; path = System/Library/Frameworks/UIKit.framework; sourceTree = SDKROOT; };
		6032881A199D39F50047EA6A /* Labyrinth-Info.plist */ = {isa = PBXFileReference; lastKnownFileType = text.plist.xml; path = "Labyrinth-Info.plist"; sourceTree = "<group>"; };
		6032881C199D39F50047EA6A /* en */ = {isa = PBXFileReference; lastKnownFileType = text.plist.strings; name = en; path = en.lproj/InfoPlist.strings; sourceTree = "<group>"; };
		6032881E199D39F50047EA6A /* main.m */ = {isa = PBXFileReference; lastKnownFileType = sourcecode.c.objc; path = main.m; sourceTree = "<group>"; };
		60328820199D39F50047EA6A /* Labyrinth-Prefix.pch */ = {isa = PBXFileReference; lastKnownFileType = sourcecode.c.h; path = "Labyrinth-Prefix.pch"; sourceTree = "<group>"; };
		60328821199D39F50047EA6A /* LABAppDelegate.h */ = {isa = PBXFileReference; lastKnownFileType = sourcecode.c.h; path = LABAppDelegate.h; sourceTree = "<group>"; };
		60328822199D39F50047EA6A /* LABAppDelegate.m */ = {isa = PBXFileReference; lastKnownFileType = sourcecode.c.objc; path = LABAppDelegate.m; sourceTree = "<group>"; };
		60328824199D39F50047EA6A /* Images.xcassets */ = {isa = PBXFileReference; lastKnownFileType = folder.assetcatalog; path = Images.xcassets; sourceTree = "<group>"; };
		6032882A199D39F50047EA6A /* LabyrinthTests.xctest */ = {isa = PBXFileReference; explicitFileType = wrapper.cfbundle; includeInIndex = 0; path = LabyrinthTests.xctest; sourceTree = BUILT_PRODUCTS_DIR; };
		6032882B199D39F50047EA6A /* XCTest.framework */ = {isa = PBXFileReference; lastKnownFileType = wrapper.framework; name = XCTest.framework; path = Library/Frameworks/XCTest.framework; sourceTree = DEVELOPER_DIR; };
		60328833199D39F50047EA6A /* LabyrinthTests-Info.plist */ = {isa = PBXFileReference; lastKnownFileType = text.plist.xml; path = "LabyrinthTests-Info.plist"; sourceTree = "<group>"; };
		60328835199D39F50047EA6A /* en */ = {isa = PBXFileReference; lastKnownFileType = text.plist.strings; name = en; path = en.lproj/InfoPlist.strings; sourceTree = "<group>"; };
		60328837199D39F50047EA6A /* LabyrinthTests.m */ = {isa = PBXFileReference; lastKnownFileType = sourcecode.c.objc; path = LabyrinthTests.m; sourceTree = "<group>"; };
		60328841199D3A060047EA6A /* LABViewController.h */ = {isa = PBXFileReference; fileEncoding = 4; lastKnownFileType = sourcecode.c.h; name = LABViewController.h; path = Labyrinth/LABViewController.h; sourceTree = "<group>"; };
		60328842199D3A060047EA6A /* LABViewController.m */ = {isa = PBXFileReference; fileEncoding = 4; lastKnownFileType = sourcecode.c.objc; name = LABViewController.m; path = Labyrinth/LABViewController.m; sourceTree = "<group>"; };
		60328844199D3CCE0047EA6A /* LABGraphView.h */ = {isa = PBXFileReference; fileEncoding = 4; lastKnownFileType = sourcecode.c.h; path = LABGraphView.h; sourceTree = "<group>"; };
		60328845199D3CCE0047EA6A /* LABGraphView.m */ = {isa = PBXFileReference; fileEncoding = 4; lastKnownFileType = sourcecode.c.objc; path = LABGraphView.m; sourceTree = "<group>"; };
/* End PBXFileReference section */

/* Begin PBXFrameworksBuildPhase section */
		6032880C199D39F50047EA6A /* Frameworks */ = {
			isa = PBXFrameworksBuildPhase;
			buildActionMask = 2147483647;
			files = (
				60328815199D39F50047EA6A /* CoreGraphics.framework in Frameworks */,
				60328817199D39F50047EA6A /* UIKit.framework in Frameworks */,
				60328813199D39F50047EA6A /* Foundation.framework in Frameworks */,
			);
			runOnlyForDeploymentPostprocessing = 0;
		};
		60328827199D39F50047EA6A /* Frameworks */ = {
			isa = PBXFrameworksBuildPhase;
			buildActionMask = 2147483647;
			files = (
				6032882C199D39F50047EA6A /* XCTest.framework in Frameworks */,
				6032882E199D39F50047EA6A /* UIKit.framework in Frameworks */,
				6032882D199D39F50047EA6A /* Foundation.framework in Frameworks */,
			);
			runOnlyForDeploymentPostprocessing = 0;
		};
/* End PBXFrameworksBuildPhase section */

/* Begin PBXGroup section */
		60328806199D39F50047EA6A = {
			isa = PBXGroup;
			children = (
				60328844199D3CCE0047EA6A /* LABGraphView.h */,
				60328845199D3CCE0047EA6A /* LABGraphView.m */,
				60328841199D3A060047EA6A /* LABViewController.h */,
				60328842199D3A060047EA6A /* LABViewController.m */,
				60328818199D39F50047EA6A /* Labyrinth */,
				60328831199D39F50047EA6A /* LabyrinthTests */,
				60328811199D39F50047EA6A /* Frameworks */,
				60328810199D39F50047EA6A /* Products */,
			);
			sourceTree = "<group>";
		};
		60328810199D39F50047EA6A /* Products */ = {
			isa = PBXGroup;
			children = (
				6032880F199D39F50047EA6A /* Labyrinth.app */,
				6032882A199D39F50047EA6A /* LabyrinthTests.xctest */,
			);
			name = Products;
			sourceTree = "<group>";
		};
		60328811199D39F50047EA6A /* Frameworks */ = {
			isa = PBXGroup;
			children = (
				60328812199D39F50047EA6A /* Foundation.framework */,
				60328814199D39F50047EA6A /* CoreGraphics.framework */,
				60328816199D39F50047EA6A /* UIKit.framework */,
				6032882B199D39F50047EA6A /* XCTest.framework */,
			);
			name = Frameworks;
			sourceTree = "<group>";
		};
		60328818199D39F50047EA6A /* Labyrinth */ = {
			isa = PBXGroup;
			children = (
				60328821199D39F50047EA6A /* LABAppDelegate.h */,
				60328822199D39F50047EA6A /* LABAppDelegate.m */,
				60328824199D39F50047EA6A /* Images.xcassets */,
				60328819199D39F50047EA6A /* Supporting Files */,
			);
			path = Labyrinth;
			sourceTree = "<group>";
		};
		60328819199D39F50047EA6A /* Supporting Files */ = {
			isa = PBXGroup;
			children = (
				6032881A199D39F50047EA6A /* Labyrinth-Info.plist */,
				6032881B199D39F50047EA6A /* InfoPlist.strings */,
				6032881E199D39F50047EA6A /* main.m */,
				60328820199D39F50047EA6A /* Labyrinth-Prefix.pch */,
			);
			name = "Supporting Files";
			sourceTree = "<group>";
		};
		60328831199D39F50047EA6A /* LabyrinthTests */ = {
			isa = PBXGroup;
			children = (
				60328837199D39F50047EA6A /* LabyrinthTests.m */,
				60328832199D39F50047EA6A /* Supporting Files */,
			);
			path = LabyrinthTests;
			sourceTree = "<group>";
		};
		60328832199D39F50047EA6A /* Supporting Files */ = {
			isa = PBXGroup;
			children = (
				60328833199D39F50047EA6A /* LabyrinthTests-Info.plist */,
				60328834199D39F50047EA6A /* InfoPlist.strings */,
			);
			name = "Supporting Files";
			sourceTree = "<group>";
		};
/* End PBXGroup section */

/* Begin PBXNativeTarget section */
		6032880E199D39F50047EA6A /* Labyrinth */ = {
			isa = PBXNativeTarget;
			buildConfigurationList = 6032883B199D39F50047EA6A /* Build configuration list for PBXNativeTarget "Labyrinth" */;
			buildPhases = (
				6032880B199D39F50047EA6A /* Sources */,
				6032880C199D39F50047EA6A /* Frameworks */,
				6032880D199D39F50047EA6A /* Resources */,
			);
			buildRules = (
			);
			dependencies = (
			);
			name = Labyrinth;
			productName = Labyrinth;
			productReference = 6032880F199D39F50047EA6A /* Labyrinth.app */;
			productType = "com.apple.product-type.application";
		};
		60328829199D39F50047EA6A /* LabyrinthTests */ = {
			isa = PBXNativeTarget;
			buildConfigurationList = 6032883E199D39F50047EA6A /* Build configuration list for PBXNativeTarget "LabyrinthTests" */;
			buildPhases = (
				60328826199D39F50047EA6A /* Sources */,
				60328827199D39F50047EA6A /* Frameworks */,
				60328828199D39F50047EA6A /* Resources */,
			);
			buildRules = (
			);
			dependencies = (
				60328830199D39F50047EA6A /* PBXTargetDependency */,
			);
			name = LabyrinthTests;
			productName = LabyrinthTests;
			productReference = 6032882A199D39F50047EA6A /* LabyrinthTests.xctest */;
			productType = "com.apple.product-type.bundle.unit-test";
		};
/* End PBXNativeTarget section */

/* Begin PBXProject section */
		60328807199D39F50047EA6A /* Project object */ = {
			isa = PBXProject;
			attributes = {
				CLASSPREFIX = LAB;
				LastUpgradeCheck = 0510;
				ORGANIZATIONNAME = "Shane Sniteman";
				TargetAttributes = {
					6032880E199D39F50047EA6A = {
						DevelopmentTeam = YUM7RTQH92;
					};
					60328829199D39F50047EA6A = {
						TestTargetID = 6032880E199D39F50047EA6A;
					};
				};
			};
			buildConfigurationList = 6032880A199D39F50047EA6A /* Build configuration list for PBXProject "Labyrinth" */;
			compatibilityVersion = "Xcode 3.2";
			developmentRegion = English;
			hasScannedForEncodings = 0;
			knownRegions = (
				en,
			);
			mainGroup = 60328806199D39F50047EA6A;
			productRefGroup = 60328810199D39F50047EA6A /* Products */;
			projectDirPath = "";
			projectRoot = "";
			targets = (
				6032880E199D39F50047EA6A /* Labyrinth */,
				60328829199D39F50047EA6A /* LabyrinthTests */,
			);
		};
/* End PBXProject section */

/* Begin PBXResourcesBuildPhase section */
		6032880D199D39F50047EA6A /* Resources */ = {
			isa = PBXResourcesBuildPhase;
			buildActionMask = 2147483647;
			files = (
				6032881D199D39F50047EA6A /* InfoPlist.strings in Resources */,
				60328825199D39F50047EA6A /* Images.xcassets in Resources */,
			);
			runOnlyForDeploymentPostprocessing = 0;
		};
		60328828199D39F50047EA6A /* Resources */ = {
			isa = PBXResourcesBuildPhase;
			buildActionMask = 2147483647;
			files = (
				60328836199D39F50047EA6A /* InfoPlist.strings in Resources */,
			);
			runOnlyForDeploymentPostprocessing = 0;
		};
/* End PBXResourcesBuildPhase section */

/* Begin PBXSourcesBuildPhase section */
		6032880B199D39F50047EA6A /* Sources */ = {
			isa = PBXSourcesBuildPhase;
			buildActionMask = 2147483647;
			files = (
				60328823199D39F50047EA6A /* LABAppDelegate.m in Sources */,
				60328846199D3CCE0047EA6A /* LABGraphView.m in Sources */,
				60328843199D3A060047EA6A /* LABViewController.m in Sources */,
				6032881F199D39F50047EA6A /* main.m in Sources */,
			);
			runOnlyForDeploymentPostprocessing = 0;
		};
		60328826199D39F50047EA6A /* Sources */ = {
			isa = PBXSourcesBuildPhase;
			buildActionMask = 2147483647;
			files = (
				60328838199D39F50047EA6A /* LabyrinthTests.m in Sources */,
			);
			runOnlyForDeploymentPostprocessing = 0;
		};
/* End PBXSourcesBuildPhase section */

/* Begin PBXTargetDependency section */
		60328830199D39F50047EA6A /* PBXTargetDependency */ = {
			isa = PBXTargetDependency;
			target = 6032880E199D39F50047EA6A /* Labyrinth */;
			targetProxy = 6032882F199D39F50047EA6A /* PBXContainerItemProxy */;
		};
/* End PBXTargetDependency section */

/* Begin PBXVariantGroup section */
		6032881B199D39F50047EA6A /* InfoPlist.strings */ = {
			isa = PBXVariantGroup;
			children = (
				6032881C199D39F50047EA6A /* en */,
			);
			name = InfoPlist.strings;
			sourceTree = "<group>";
		};
		60328834199D39F50047EA6A /* InfoPlist.strings */ = {
			isa = PBXVariantGroup;
			children = (
				60328835199D39F50047EA6A /* en */,
			);
			name = InfoPlist.strings;
			sourceTree = "<group>";
		};
/* End PBXVariantGroup section */

/* Begin XCBuildConfiguration section */
		60328839199D39F50047EA6A /* Debug */ = {
			isa = XCBuildConfiguration;
			buildSettings = {
				ALWAYS_SEARCH_USER_PATHS = NO;
				CLANG_CXX_LANGUAGE_STANDARD = "gnu++0x";
				CLANG_CXX_LIBRARY = "libc++";
				CLANG_ENABLE_MODULES = YES;
				CLANG_ENABLE_OBJC_ARC = YES;
				CLANG_WARN_BOOL_CONVERSION = YES;
				CLANG_WARN_CONSTANT_CONVERSION = YES;
				CLANG_WARN_DIRECT_OBJC_ISA_USAGE = YES_ERROR;
				CLANG_WARN_EMPTY_BODY = YES;
				CLANG_WARN_ENUM_CONVERSION = YES;
				CLANG_WARN_INT_CONVERSION = YES;
				CLANG_WARN_OBJC_ROOT_CLASS = YES_ERROR;
				CLANG_WARN__DUPLICATE_METHOD_MATCH = YES;
				"CODE_SIGN_IDENTITY[sdk=iphoneos*]" = "iPhone Developer";
				COPY_PHASE_STRIP = NO;
				GCC_C_LANGUAGE_STANDARD = gnu99;
				GCC_DYNAMIC_NO_PIC = NO;
				GCC_OPTIMIZATION_LEVEL = 0;
				GCC_PREPROCESSOR_DEFINITIONS = (
					"DEBUG=1",
					"$(inherited)",
				);
				GCC_SYMBOLS_PRIVATE_EXTERN = NO;
				GCC_WARN_64_TO_32_BIT_CONVERSION = YES;
				GCC_WARN_ABOUT_RETURN_TYPE = YES_ERROR;
				GCC_WARN_UNDECLARED_SELECTOR = YES;
				GCC_WARN_UNINITIALIZED_AUTOS = YES_AGGRESSIVE;
				GCC_WARN_UNUSED_FUNCTION = YES;
				GCC_WARN_UNUSED_VARIABLE = YES;
				IPHONEOS_DEPLOYMENT_TARGET = 7.1;
				ONLY_ACTIVE_ARCH = YES;
				SDKROOT = iphoneos;
			};
			name = Debug;
		};
		6032883A199D39F50047EA6A /* Release */ = {
			isa = XCBuildConfiguration;
			buildSettings = {
				ALWAYS_SEARCH_USER_PATHS = NO;
				CLANG_CXX_LANGUAGE_STANDARD = "gnu++0x";
				CLANG_CXX_LIBRARY = "libc++";
				CLANG_ENABLE_MODULES = YES;
				CLANG_ENABLE_OBJC_ARC = YES;
				CLANG_WARN_BOOL_CONVERSION = YES;
				CLANG_WARN_CONSTANT_CONVERSION = YES;
				CLANG_WARN_DIRECT_OBJC_ISA_USAGE = YES_ERROR;
				CLANG_WARN_EMPTY_BODY = YES;
				CLANG_WARN_ENUM_CONVERSION = YES;
				CLANG_WARN_INT_CONVERSION = YES;
				CLANG_WARN_OBJC_ROOT_CLASS = YES_ERROR;
				CLANG_WARN__DUPLICATE_METHOD_MATCH = YES;
				"CODE_SIGN_IDENTITY[sdk=iphoneos*]" = "iPhone Developer";
				COPY_PHASE_STRIP = YES;
				ENABLE_NS_ASSERTIONS = NO;
				GCC_C_LANGUAGE_STANDARD = gnu99;
				GCC_WARN_64_TO_32_BIT_CONVERSION = YES;
				GCC_WARN_ABOUT_RETURN_TYPE = YES_ERROR;
				GCC_WARN_UNDECLARED_SELECTOR = YES;
				GCC_WARN_UNINITIALIZED_AUTOS = YES_AGGRESSIVE;
				GCC_WARN_UNUSED_FUNCTION = YES;
				GCC_WARN_UNUSED_VARIABLE = YES;
				IPHONEOS_DEPLOYMENT_TARGET = 7.1;
				SDKROOT = iphoneos;
				VALIDATE_PRODUCT = YES;
			};
			name = Release;
		};
		6032883C199D39F50047EA6A /* Debug */ = {
			isa = XCBuildConfiguration;
			buildSettings = {
				ASSETCATALOG_COMPILER_APPICON_NAME = AppIcon;
				ASSETCATALOG_COMPILER_LAUNCHIMAGE_NAME = LaunchImage;
				CODE_SIGN_IDENTITY = "iPhone Developer";
				"CODE_SIGN_IDENTITY[sdk=iphoneos*]" = "iPhone Developer";
				GCC_PRECOMPILE_PREFIX_HEADER = YES;
				GCC_PREFIX_HEADER = "Labyrinth/Labyrinth-Prefix.pch";
				INFOPLIST_FILE = "Labyrinth/Labyrinth-Info.plist";
				PRODUCT_NAME = "$(TARGET_NAME)";
				PROVISIONING_PROFILE = "";
				WRAPPER_EXTENSION = app;
			};
			name = Debug;
		};
		6032883D199D39F50047EA6A /* Release */ = {
			isa = XCBuildConfiguration;
			buildSettings = {
				ASSETCATALOG_COMPILER_APPICON_NAME = AppIcon;
				ASSETCATALOG_COMPILER_LAUNCHIMAGE_NAME = LaunchImage;
				CODE_SIGN_IDENTITY = "iPhone Developer";
				"CODE_SIGN_IDENTITY[sdk=iphoneos*]" = "iPhone Developer";
				GCC_PRECOMPILE_PREFIX_HEADER = YES;
				GCC_PREFIX_HEADER = "Labyrinth/Labyrinth-Prefix.pch";
				INFOPLIST_FILE = "Labyrinth/Labyrinth-Info.plist";
				PRODUCT_NAME = "$(TARGET_NAME)";
				PROVISIONING_PROFILE = "";
				WRAPPER_EXTENSION = app;
			};
			name = Release;
		};
		6032883F199D39F50047EA6A /* Debug */ = {
			isa = XCBuildConfiguration;
			buildSettings = {
				BUNDLE_LOADER = "$(BUILT_PRODUCTS_DIR)/Labyrinth.app/Labyrinth";
				FRAMEWORK_SEARCH_PATHS = (
					"$(SDKROOT)/Developer/Library/Frameworks",
					"$(inherited)",
					"$(DEVELOPER_FRAMEWORKS_DIR)",
				);
				GCC_PRECOMPILE_PREFIX_HEADER = YES;
				GCC_PREFIX_HEADER = "Labyrinth/Labyrinth-Prefix.pch";
				GCC_PREPROCESSOR_DEFINITIONS = (
					"DEBUG=1",
					"$(inherited)",
				);
				INFOPLIST_FILE = "LabyrinthTests/LabyrinthTests-Info.plist";
				PRODUCT_NAME = "$(TARGET_NAME)";
				TEST_HOST = "$(BUNDLE_LOADER)";
				WRAPPER_EXTENSION = xctest;
			};
			name = Debug;
		};
		60328840199D39F50047EA6A /* Release */ = {
			isa = XCBuildConfiguration;
			buildSettings = {
				BUNDLE_LOADER = "$(BUILT_PRODUCTS_DIR)/Labyrinth.app/Labyrinth";
				FRAMEWORK_SEARCH_PATHS = (
					"$(SDKROOT)/Developer/Library/Frameworks",
					"$(inherited)",
					"$(DEVELOPER_FRAMEWORKS_DIR)",
				);
				GCC_PRECOMPILE_PREFIX_HEADER = YES;
				GCC_PREFIX_HEADER = "Labyrinth/Labyrinth-Prefix.pch";
				INFOPLIST_FILE = "LabyrinthTests/LabyrinthTests-Info.plist";
				PRODUCT_NAME = "$(TARGET_NAME)";
				TEST_HOST = "$(BUNDLE_LOADER)";
				WRAPPER_EXTENSION = xctest;
			};
			name = Release;
		};
/* End XCBuildConfiguration section */

/* Begin XCConfigurationList section */
		6032880A199D39F50047EA6A /* Build configuration list for PBXProject "Labyrinth" */ = {
			isa = XCConfigurationList;
			buildConfigurations = (
				60328839199D39F50047EA6A /* Debug */,
				6032883A199D39F50047EA6A /* Release */,
			);
			defaultConfigurationIsVisible = 0;
			defaultConfigurationName = Release;
		};
		6032883B199D39F50047EA6A /* Build configuration list for PBXNativeTarget "Labyrinth" */ = {
			isa = XCConfigurationList;
			buildConfigurations = (
				6032883C199D39F50047EA6A /* Debug */,
				6032883D199D39F50047EA6A /* Release */,
			);
			defaultConfigurationIsVisible = 0;
			defaultConfigurationName = Release;
		};
		6032883E199D39F50047EA6A /* Build configuration list for PBXNativeTarget "LabyrinthTests" */ = {
			isa = XCConfigurationList;
			buildConfigurations = (
				6032883F199D39F50047EA6A /* Debug */,
				60328840199D39F50047EA6A /* Release */,
			);
			defaultConfigurationIsVisible = 0;
			defaultConfigurationName = Release;
		};
/* End XCConfigurationList section */
	};
	rootObject = 60328807199D39F50047EA6A /* Project object */;
}
