// !$*UTF8*$!
{
	archiveVersion = 1;
	classes = {
	};
	objectVersion = 46;
	objects = {

/* Begin PBXBuildFile section */
		604AB27A197FFB6100FDE2EE /* Foundation.framework in Frameworks */ = {isa = PBXBuildFile; fileRef = 604AB279197FFB6100FDE2EE /* Foundation.framework */; };
		604AB27C197FFB6100FDE2EE /* CoreGraphics.framework in Frameworks */ = {isa = PBXBuildFile; fileRef = 604AB27B197FFB6100FDE2EE /* CoreGraphics.framework */; };
		604AB27E197FFB6100FDE2EE /* UIKit.framework in Frameworks */ = {isa = PBXBuildFile; fileRef = 604AB27D197FFB6100FDE2EE /* UIKit.framework */; };
		604AB284197FFB6100FDE2EE /* InfoPlist.strings in Resources */ = {isa = PBXBuildFile; fileRef = 604AB282197FFB6100FDE2EE /* InfoPlist.strings */; };
		604AB286197FFB6100FDE2EE /* main.m in Sources */ = {isa = PBXBuildFile; fileRef = 604AB285197FFB6100FDE2EE /* main.m */; };
		604AB28A197FFB6100FDE2EE /* MFLAppDelegate.m in Sources */ = {isa = PBXBuildFile; fileRef = 604AB289197FFB6100FDE2EE /* MFLAppDelegate.m */; };
		604AB28C197FFB6100FDE2EE /* Images.xcassets in Resources */ = {isa = PBXBuildFile; fileRef = 604AB28B197FFB6100FDE2EE /* Images.xcassets */; };
		604AB293197FFB6100FDE2EE /* XCTest.framework in Frameworks */ = {isa = PBXBuildFile; fileRef = 604AB292197FFB6100FDE2EE /* XCTest.framework */; };
		604AB294197FFB6100FDE2EE /* Foundation.framework in Frameworks */ = {isa = PBXBuildFile; fileRef = 604AB279197FFB6100FDE2EE /* Foundation.framework */; };
		604AB295197FFB6100FDE2EE /* UIKit.framework in Frameworks */ = {isa = PBXBuildFile; fileRef = 604AB27D197FFB6100FDE2EE /* UIKit.framework */; };
		604AB29D197FFB6100FDE2EE /* InfoPlist.strings in Resources */ = {isa = PBXBuildFile; fileRef = 604AB29B197FFB6100FDE2EE /* InfoPlist.strings */; };
		604AB29F197FFB6100FDE2EE /* List_AppTests.m in Sources */ = {isa = PBXBuildFile; fileRef = 604AB29E197FFB6100FDE2EE /* List_AppTests.m */; };
		604AB2AB198005F900FDE2EE /* MFLTableViewController.m in Sources */ = {isa = PBXBuildFile; fileRef = 604AB2AA198005F900FDE2EE /* MFLTableViewController.m */; };
/* End PBXBuildFile section */

/* Begin PBXContainerItemProxy section */
		604AB296197FFB6100FDE2EE /* PBXContainerItemProxy */ = {
			isa = PBXContainerItemProxy;
			containerPortal = 604AB26E197FFB6100FDE2EE /* Project object */;
			proxyType = 1;
			remoteGlobalIDString = 604AB275197FFB6100FDE2EE;
			remoteInfo = "List App";
		};
/* End PBXContainerItemProxy section */

/* Begin PBXFileReference section */
		604AB276197FFB6100FDE2EE /* List App.app */ = {isa = PBXFileReference; explicitFileType = wrapper.application; includeInIndex = 0; path = "List App.app"; sourceTree = BUILT_PRODUCTS_DIR; };
		604AB279197FFB6100FDE2EE /* Foundation.framework */ = {isa = PBXFileReference; lastKnownFileType = wrapper.framework; name = Foundation.framework; path = System/Library/Frameworks/Foundation.framework; sourceTree = SDKROOT; };
		604AB27B197FFB6100FDE2EE /* CoreGraphics.framework */ = {isa = PBXFileReference; lastKnownFileType = wrapper.framework; name = CoreGraphics.framework; path = System/Library/Frameworks/CoreGraphics.framework; sourceTree = SDKROOT; };
		604AB27D197FFB6100FDE2EE /* UIKit.framework */ = {isa = PBXFileReference; lastKnownFileType = wrapper.framework; name = UIKit.framework; path = System/Library/Frameworks/UIKit.framework; sourceTree = SDKROOT; };
		604AB281197FFB6100FDE2EE /* List App-Info.plist */ = {isa = PBXFileReference; lastKnownFileType = text.plist.xml; path = "List App-Info.plist"; sourceTree = "<group>"; };
		604AB283197FFB6100FDE2EE /* en */ = {isa = PBXFileReference; lastKnownFileType = text.plist.strings; name = en; path = en.lproj/InfoPlist.strings; sourceTree = "<group>"; };
		604AB285197FFB6100FDE2EE /* main.m */ = {isa = PBXFileReference; lastKnownFileType = sourcecode.c.objc; path = main.m; sourceTree = "<group>"; };
		604AB287197FFB6100FDE2EE /* List App-Prefix.pch */ = {isa = PBXFileReference; lastKnownFileType = sourcecode.c.h; path = "List App-Prefix.pch"; sourceTree = "<group>"; };
		604AB288197FFB6100FDE2EE /* MFLAppDelegate.h */ = {isa = PBXFileReference; lastKnownFileType = sourcecode.c.h; path = MFLAppDelegate.h; sourceTree = "<group>"; };
		604AB289197FFB6100FDE2EE /* MFLAppDelegate.m */ = {isa = PBXFileReference; lastKnownFileType = sourcecode.c.objc; path = MFLAppDelegate.m; sourceTree = "<group>"; };
		604AB28B197FFB6100FDE2EE /* Images.xcassets */ = {isa = PBXFileReference; lastKnownFileType = folder.assetcatalog; path = Images.xcassets; sourceTree = "<group>"; };
		604AB291197FFB6100FDE2EE /* List AppTests.xctest */ = {isa = PBXFileReference; explicitFileType = wrapper.cfbundle; includeInIndex = 0; path = "List AppTests.xctest"; sourceTree = BUILT_PRODUCTS_DIR; };
		604AB292197FFB6100FDE2EE /* XCTest.framework */ = {isa = PBXFileReference; lastKnownFileType = wrapper.framework; name = XCTest.framework; path = Library/Frameworks/XCTest.framework; sourceTree = DEVELOPER_DIR; };
		604AB29A197FFB6100FDE2EE /* List AppTests-Info.plist */ = {isa = PBXFileReference; lastKnownFileType = text.plist.xml; path = "List AppTests-Info.plist"; sourceTree = "<group>"; };
		604AB29C197FFB6100FDE2EE /* en */ = {isa = PBXFileReference; lastKnownFileType = text.plist.strings; name = en; path = en.lproj/InfoPlist.strings; sourceTree = "<group>"; };
		604AB29E197FFB6100FDE2EE /* List_AppTests.m */ = {isa = PBXFileReference; lastKnownFileType = sourcecode.c.objc; path = List_AppTests.m; sourceTree = "<group>"; };
		604AB2A9198005F900FDE2EE /* MFLTableViewController.h */ = {isa = PBXFileReference; fileEncoding = 4; lastKnownFileType = sourcecode.c.h; path = MFLTableViewController.h; sourceTree = "<group>"; };
		604AB2AA198005F900FDE2EE /* MFLTableViewController.m */ = {isa = PBXFileReference; fileEncoding = 4; lastKnownFileType = sourcecode.c.objc; path = MFLTableViewController.m; sourceTree = "<group>"; };
/* End PBXFileReference section */

/* Begin PBXFrameworksBuildPhase section */
		604AB273197FFB6100FDE2EE /* Frameworks */ = {
			isa = PBXFrameworksBuildPhase;
			buildActionMask = 2147483647;
			files = (
				604AB27C197FFB6100FDE2EE /* CoreGraphics.framework in Frameworks */,
				604AB27E197FFB6100FDE2EE /* UIKit.framework in Frameworks */,
				604AB27A197FFB6100FDE2EE /* Foundation.framework in Frameworks */,
			);
			runOnlyForDeploymentPostprocessing = 0;
		};
		604AB28E197FFB6100FDE2EE /* Frameworks */ = {
			isa = PBXFrameworksBuildPhase;
			buildActionMask = 2147483647;
			files = (
				604AB293197FFB6100FDE2EE /* XCTest.framework in Frameworks */,
				604AB295197FFB6100FDE2EE /* UIKit.framework in Frameworks */,
				604AB294197FFB6100FDE2EE /* Foundation.framework in Frameworks */,
			);
			runOnlyForDeploymentPostprocessing = 0;
		};
/* End PBXFrameworksBuildPhase section */

/* Begin PBXGroup section */
		604AB26D197FFB6100FDE2EE = {
			isa = PBXGroup;
			children = (
				604AB2A81980057900FDE2EE /* Controllers */,
				604AB27F197FFB6100FDE2EE /* List App */,
				604AB298197FFB6100FDE2EE /* List AppTests */,
				604AB278197FFB6100FDE2EE /* Frameworks */,
				604AB277197FFB6100FDE2EE /* Products */,
			);
			sourceTree = "<group>";
		};
		604AB277197FFB6100FDE2EE /* Products */ = {
			isa = PBXGroup;
			children = (
				604AB276197FFB6100FDE2EE /* List App.app */,
				604AB291197FFB6100FDE2EE /* List AppTests.xctest */,
			);
			name = Products;
			sourceTree = "<group>";
		};
		604AB278197FFB6100FDE2EE /* Frameworks */ = {
			isa = PBXGroup;
			children = (
				604AB279197FFB6100FDE2EE /* Foundation.framework */,
				604AB27B197FFB6100FDE2EE /* CoreGraphics.framework */,
				604AB27D197FFB6100FDE2EE /* UIKit.framework */,
				604AB292197FFB6100FDE2EE /* XCTest.framework */,
			);
			name = Frameworks;
			sourceTree = "<group>";
		};
		604AB27F197FFB6100FDE2EE /* List App */ = {
			isa = PBXGroup;
			children = (
				604AB288197FFB6100FDE2EE /* MFLAppDelegate.h */,
				604AB289197FFB6100FDE2EE /* MFLAppDelegate.m */,
				604AB28B197FFB6100FDE2EE /* Images.xcassets */,
				604AB280197FFB6100FDE2EE /* Supporting Files */,
			);
			path = "List App";
			sourceTree = "<group>";
		};
		604AB280197FFB6100FDE2EE /* Supporting Files */ = {
			isa = PBXGroup;
			children = (
				604AB281197FFB6100FDE2EE /* List App-Info.plist */,
				604AB282197FFB6100FDE2EE /* InfoPlist.strings */,
				604AB285197FFB6100FDE2EE /* main.m */,
				604AB287197FFB6100FDE2EE /* List App-Prefix.pch */,
			);
			name = "Supporting Files";
			sourceTree = "<group>";
		};
		604AB298197FFB6100FDE2EE /* List AppTests */ = {
			isa = PBXGroup;
			children = (
				604AB29E197FFB6100FDE2EE /* List_AppTests.m */,
				604AB299197FFB6100FDE2EE /* Supporting Files */,
			);
			path = "List AppTests";
			sourceTree = "<group>";
		};
		604AB299197FFB6100FDE2EE /* Supporting Files */ = {
			isa = PBXGroup;
			children = (
				604AB29A197FFB6100FDE2EE /* List AppTests-Info.plist */,
				604AB29B197FFB6100FDE2EE /* InfoPlist.strings */,
			);
			name = "Supporting Files";
			sourceTree = "<group>";
		};
		604AB2A81980057900FDE2EE /* Controllers */ = {
			isa = PBXGroup;
			children = (
				604AB2A9198005F900FDE2EE /* MFLTableViewController.h */,
				604AB2AA198005F900FDE2EE /* MFLTableViewController.m */,
			);
			name = Controllers;
			sourceTree = "<group>";
		};
/* End PBXGroup section */

/* Begin PBXNativeTarget section */
		604AB275197FFB6100FDE2EE /* List App */ = {
			isa = PBXNativeTarget;
			buildConfigurationList = 604AB2A2197FFB6100FDE2EE /* Build configuration list for PBXNativeTarget "List App" */;
			buildPhases = (
				604AB272197FFB6100FDE2EE /* Sources */,
				604AB273197FFB6100FDE2EE /* Frameworks */,
				604AB274197FFB6100FDE2EE /* Resources */,
			);
			buildRules = (
			);
			dependencies = (
			);
			name = "List App";
			productName = "List App";
			productReference = 604AB276197FFB6100FDE2EE /* List App.app */;
			productType = "com.apple.product-type.application";
		};
		604AB290197FFB6100FDE2EE /* List AppTests */ = {
			isa = PBXNativeTarget;
			buildConfigurationList = 604AB2A5197FFB6100FDE2EE /* Build configuration list for PBXNativeTarget "List AppTests" */;
			buildPhases = (
				604AB28D197FFB6100FDE2EE /* Sources */,
				604AB28E197FFB6100FDE2EE /* Frameworks */,
				604AB28F197FFB6100FDE2EE /* Resources */,
			);
			buildRules = (
			);
			dependencies = (
				604AB297197FFB6100FDE2EE /* PBXTargetDependency */,
			);
			name = "List AppTests";
			productName = "List AppTests";
			productReference = 604AB291197FFB6100FDE2EE /* List AppTests.xctest */;
			productType = "com.apple.product-type.bundle.unit-test";
		};
/* End PBXNativeTarget section */

/* Begin PBXProject section */
		604AB26E197FFB6100FDE2EE /* Project object */ = {
			isa = PBXProject;
			attributes = {
				CLASSPREFIX = MFL;
				LastUpgradeCheck = 0510;
				ORGANIZATIONNAME = "Shane Sniteman";
				TargetAttributes = {
					604AB290197FFB6100FDE2EE = {
						TestTargetID = 604AB275197FFB6100FDE2EE;
					};
				};
			};
			buildConfigurationList = 604AB271197FFB6100FDE2EE /* Build configuration list for PBXProject "List App" */;
			compatibilityVersion = "Xcode 3.2";
			developmentRegion = English;
			hasScannedForEncodings = 0;
			knownRegions = (
				en,
			);
			mainGroup = 604AB26D197FFB6100FDE2EE;
			productRefGroup = 604AB277197FFB6100FDE2EE /* Products */;
			projectDirPath = "";
			projectRoot = "";
			targets = (
				604AB275197FFB6100FDE2EE /* List App */,
				604AB290197FFB6100FDE2EE /* List AppTests */,
			);
		};
/* End PBXProject section */

/* Begin PBXResourcesBuildPhase section */
		604AB274197FFB6100FDE2EE /* Resources */ = {
			isa = PBXResourcesBuildPhase;
			buildActionMask = 2147483647;
			files = (
				604AB284197FFB6100FDE2EE /* InfoPlist.strings in Resources */,
				604AB28C197FFB6100FDE2EE /* Images.xcassets in Resources */,
			);
			runOnlyForDeploymentPostprocessing = 0;
		};
		604AB28F197FFB6100FDE2EE /* Resources */ = {
			isa = PBXResourcesBuildPhase;
			buildActionMask = 2147483647;
			files = (
				604AB29D197FFB6100FDE2EE /* InfoPlist.strings in Resources */,
			);
			runOnlyForDeploymentPostprocessing = 0;
		};
/* End PBXResourcesBuildPhase section */

/* Begin PBXSourcesBuildPhase section */
		604AB272197FFB6100FDE2EE /* Sources */ = {
			isa = PBXSourcesBuildPhase;
			buildActionMask = 2147483647;
			files = (
				604AB2AB198005F900FDE2EE /* MFLTableViewController.m in Sources */,
				604AB28A197FFB6100FDE2EE /* MFLAppDelegate.m in Sources */,
				604AB286197FFB6100FDE2EE /* main.m in Sources */,
			);
			runOnlyForDeploymentPostprocessing = 0;
		};
		604AB28D197FFB6100FDE2EE /* Sources */ = {
			isa = PBXSourcesBuildPhase;
			buildActionMask = 2147483647;
			files = (
				604AB29F197FFB6100FDE2EE /* List_AppTests.m in Sources */,
			);
			runOnlyForDeploymentPostprocessing = 0;
		};
/* End PBXSourcesBuildPhase section */

/* Begin PBXTargetDependency section */
		604AB297197FFB6100FDE2EE /* PBXTargetDependency */ = {
			isa = PBXTargetDependency;
			target = 604AB275197FFB6100FDE2EE /* List App */;
			targetProxy = 604AB296197FFB6100FDE2EE /* PBXContainerItemProxy */;
		};
/* End PBXTargetDependency section */

/* Begin PBXVariantGroup section */
		604AB282197FFB6100FDE2EE /* InfoPlist.strings */ = {
			isa = PBXVariantGroup;
			children = (
				604AB283197FFB6100FDE2EE /* en */,
			);
			name = InfoPlist.strings;
			sourceTree = "<group>";
		};
		604AB29B197FFB6100FDE2EE /* InfoPlist.strings */ = {
			isa = PBXVariantGroup;
			children = (
				604AB29C197FFB6100FDE2EE /* en */,
			);
			name = InfoPlist.strings;
			sourceTree = "<group>";
		};
/* End PBXVariantGroup section */

/* Begin XCBuildConfiguration section */
		604AB2A0197FFB6100FDE2EE /* Debug */ = {
			isa = XCBuildConfiguration;
			buildSettings = {
				ALWAYS_SEARCH_USER_PATHS = NO;
				CLANG_CXX_LANGUAGE_STANDARD = "gnu++0x";
				CLANG_CXX_LIBRARY = "libc++";
				CLANG_ENABLE_MODULES = YES;
				CLANG_ENABLE_OBJC_ARC = YES;
				CLANG_WARN_BOOL_CONVERSION = YES;
				CLANG_WARN_CONSTANT_CONVERSION = YES;
				CLANG_WARN_DIRECT_OBJC_ISA_USAGE = YES_ERROR;
				CLANG_WARN_EMPTY_BODY = YES;
				CLANG_WARN_ENUM_CONVERSION = YES;
				CLANG_WARN_INT_CONVERSION = YES;
				CLANG_WARN_OBJC_ROOT_CLASS = YES_ERROR;
				CLANG_WARN__DUPLICATE_METHOD_MATCH = YES;
				"CODE_SIGN_IDENTITY[sdk=iphoneos*]" = "iPhone Developer";
				COPY_PHASE_STRIP = NO;
				GCC_C_LANGUAGE_STANDARD = gnu99;
				GCC_DYNAMIC_NO_PIC = NO;
				GCC_OPTIMIZATION_LEVEL = 0;
				GCC_PREPROCESSOR_DEFINITIONS = (
					"DEBUG=1",
					"$(inherited)",
				);
				GCC_SYMBOLS_PRIVATE_EXTERN = NO;
				GCC_WARN_64_TO_32_BIT_CONVERSION = YES;
				GCC_WARN_ABOUT_RETURN_TYPE = YES_ERROR;
				GCC_WARN_UNDECLARED_SELECTOR = YES;
				GCC_WARN_UNINITIALIZED_AUTOS = YES_AGGRESSIVE;
				GCC_WARN_UNUSED_FUNCTION = YES;
				GCC_WARN_UNUSED_VARIABLE = YES;
				IPHONEOS_DEPLOYMENT_TARGET = 7.1;
				ONLY_ACTIVE_ARCH = YES;
				SDKROOT = iphoneos;
			};
			name = Debug;
		};
		604AB2A1197FFB6100FDE2EE /* Release */ = {
			isa = XCBuildConfiguration;
			buildSettings = {
				ALWAYS_SEARCH_USER_PATHS = NO;
				CLANG_CXX_LANGUAGE_STANDARD = "gnu++0x";
				CLANG_CXX_LIBRARY = "libc++";
				CLANG_ENABLE_MODULES = YES;
				CLANG_ENABLE_OBJC_ARC = YES;
				CLANG_WARN_BOOL_CONVERSION = YES;
				CLANG_WARN_CONSTANT_CONVERSION = YES;
				CLANG_WARN_DIRECT_OBJC_ISA_USAGE = YES_ERROR;
				CLANG_WARN_EMPTY_BODY = YES;
				CLANG_WARN_ENUM_CONVERSION = YES;
				CLANG_WARN_INT_CONVERSION = YES;
				CLANG_WARN_OBJC_ROOT_CLASS = YES_ERROR;
				CLANG_WARN__DUPLICATE_METHOD_MATCH = YES;
				"CODE_SIGN_IDENTITY[sdk=iphoneos*]" = "iPhone Developer";
				COPY_PHASE_STRIP = YES;
				ENABLE_NS_ASSERTIONS = NO;
				GCC_C_LANGUAGE_STANDARD = gnu99;
				GCC_WARN_64_TO_32_BIT_CONVERSION = YES;
				GCC_WARN_ABOUT_RETURN_TYPE = YES_ERROR;
				GCC_WARN_UNDECLARED_SELECTOR = YES;
				GCC_WARN_UNINITIALIZED_AUTOS = YES_AGGRESSIVE;
				GCC_WARN_UNUSED_FUNCTION = YES;
				GCC_WARN_UNUSED_VARIABLE = YES;
				IPHONEOS_DEPLOYMENT_TARGET = 7.1;
				SDKROOT = iphoneos;
				VALIDATE_PRODUCT = YES;
			};
			name = Release;
		};
		604AB2A3197FFB6100FDE2EE /* Debug */ = {
			isa = XCBuildConfiguration;
			buildSettings = {
				ASSETCATALOG_COMPILER_APPICON_NAME = AppIcon;
				ASSETCATALOG_COMPILER_LAUNCHIMAGE_NAME = LaunchImage;
				GCC_PRECOMPILE_PREFIX_HEADER = YES;
				GCC_PREFIX_HEADER = "List App/List App-Prefix.pch";
				INFOPLIST_FILE = "List App/List App-Info.plist";
				PRODUCT_NAME = "$(TARGET_NAME)";
				WRAPPER_EXTENSION = app;
			};
			name = Debug;
		};
		604AB2A4197FFB6100FDE2EE /* Release */ = {
			isa = XCBuildConfiguration;
			buildSettings = {
				ASSETCATALOG_COMPILER_APPICON_NAME = AppIcon;
				ASSETCATALOG_COMPILER_LAUNCHIMAGE_NAME = LaunchImage;
				GCC_PRECOMPILE_PREFIX_HEADER = YES;
				GCC_PREFIX_HEADER = "List App/List App-Prefix.pch";
				INFOPLIST_FILE = "List App/List App-Info.plist";
				PRODUCT_NAME = "$(TARGET_NAME)";
				WRAPPER_EXTENSION = app;
			};
			name = Release;
		};
		604AB2A6197FFB6100FDE2EE /* Debug */ = {
			isa = XCBuildConfiguration;
			buildSettings = {
				BUNDLE_LOADER = "$(BUILT_PRODUCTS_DIR)/List App.app/List App";
				FRAMEWORK_SEARCH_PATHS = (
					"$(SDKROOT)/Developer/Library/Frameworks",
					"$(inherited)",
					"$(DEVELOPER_FRAMEWORKS_DIR)",
				);
				GCC_PRECOMPILE_PREFIX_HEADER = YES;
				GCC_PREFIX_HEADER = "List App/List App-Prefix.pch";
				GCC_PREPROCESSOR_DEFINITIONS = (
					"DEBUG=1",
					"$(inherited)",
				);
				INFOPLIST_FILE = "List AppTests/List AppTests-Info.plist";
				PRODUCT_NAME = "$(TARGET_NAME)";
				TEST_HOST = "$(BUNDLE_LOADER)";
				WRAPPER_EXTENSION = xctest;
			};
			name = Debug;
		};
		604AB2A7197FFB6100FDE2EE /* Release */ = {
			isa = XCBuildConfiguration;
			buildSettings = {
				BUNDLE_LOADER = "$(BUILT_PRODUCTS_DIR)/List App.app/List App";
				FRAMEWORK_SEARCH_PATHS = (
					"$(SDKROOT)/Developer/Library/Frameworks",
					"$(inherited)",
					"$(DEVELOPER_FRAMEWORKS_DIR)",
				);
				GCC_PRECOMPILE_PREFIX_HEADER = YES;
				GCC_PREFIX_HEADER = "List App/List App-Prefix.pch";
				INFOPLIST_FILE = "List AppTests/List AppTests-Info.plist";
				PRODUCT_NAME = "$(TARGET_NAME)";
				TEST_HOST = "$(BUNDLE_LOADER)";
				WRAPPER_EXTENSION = xctest;
			};
			name = Release;
		};
/* End XCBuildConfiguration section */

/* Begin XCConfigurationList section */
		604AB271197FFB6100FDE2EE /* Build configuration list for PBXProject "List App" */ = {
			isa = XCConfigurationList;
			buildConfigurations = (
				604AB2A0197FFB6100FDE2EE /* Debug */,
				604AB2A1197FFB6100FDE2EE /* Release */,
			);
			defaultConfigurationIsVisible = 0;
			defaultConfigurationName = Release;
		};
		604AB2A2197FFB6100FDE2EE /* Build configuration list for PBXNativeTarget "List App" */ = {
			isa = XCConfigurationList;
			buildConfigurations = (
				604AB2A3197FFB6100FDE2EE /* Debug */,
				604AB2A4197FFB6100FDE2EE /* Release */,
			);
			defaultConfigurationIsVisible = 0;
			defaultConfigurationName = Release;
		};
		604AB2A5197FFB6100FDE2EE /* Build configuration list for PBXNativeTarget "List AppTests" */ = {
			isa = XCConfigurationList;
			buildConfigurations = (
				604AB2A6197FFB6100FDE2EE /* Debug */,
				604AB2A7197FFB6100FDE2EE /* Release */,
			);
			defaultConfigurationIsVisible = 0;
			defaultConfigurationName = Release;
		};
/* End XCConfigurationList section */
	};
	rootObject = 604AB26E197FFB6100FDE2EE /* Project object */;
}
