// !$*UTF8*$!
{
	archiveVersion = 1;
	classes = {
	};
	objectVersion = 46;
	objects = {

/* Begin PBXBuildFile section */
		602249AB19A77CE700284CBA /* Foundation.framework in Frameworks */ = {isa = PBXBuildFile; fileRef = 602249AA19A77CE700284CBA /* Foundation.framework */; };
		602249AD19A77CE700284CBA /* CoreGraphics.framework in Frameworks */ = {isa = PBXBuildFile; fileRef = 602249AC19A77CE700284CBA /* CoreGraphics.framework */; };
		602249AF19A77CE700284CBA /* UIKit.framework in Frameworks */ = {isa = PBXBuildFile; fileRef = 602249AE19A77CE700284CBA /* UIKit.framework */; };
		602249B519A77CE700284CBA /* InfoPlist.strings in Resources */ = {isa = PBXBuildFile; fileRef = 602249B319A77CE700284CBA /* InfoPlist.strings */; };
		602249B719A77CE700284CBA /* main.m in Sources */ = {isa = PBXBuildFile; fileRef = 602249B619A77CE700284CBA /* main.m */; };
		602249BB19A77CE700284CBA /* TLAAppDelegate.m in Sources */ = {isa = PBXBuildFile; fileRef = 602249BA19A77CE700284CBA /* TLAAppDelegate.m */; };
		602249BE19A77CE700284CBA /* Main.storyboard in Resources */ = {isa = PBXBuildFile; fileRef = 602249BC19A77CE700284CBA /* Main.storyboard */; };
		602249C119A77CE700284CBA /* TLAViewController.m in Sources */ = {isa = PBXBuildFile; fileRef = 602249C019A77CE700284CBA /* TLAViewController.m */; };
		602249C319A77CE700284CBA /* Images.xcassets in Resources */ = {isa = PBXBuildFile; fileRef = 602249C219A77CE700284CBA /* Images.xcassets */; };
		602249CA19A77CE700284CBA /* XCTest.framework in Frameworks */ = {isa = PBXBuildFile; fileRef = 602249C919A77CE700284CBA /* XCTest.framework */; };
		602249CB19A77CE700284CBA /* Foundation.framework in Frameworks */ = {isa = PBXBuildFile; fileRef = 602249AA19A77CE700284CBA /* Foundation.framework */; };
		602249CC19A77CE700284CBA /* UIKit.framework in Frameworks */ = {isa = PBXBuildFile; fileRef = 602249AE19A77CE700284CBA /* UIKit.framework */; };
		602249D419A77CE700284CBA /* InfoPlist.strings in Resources */ = {isa = PBXBuildFile; fileRef = 602249D219A77CE700284CBA /* InfoPlist.strings */; };
		602249D619A77CE700284CBA /* The_ListTests.m in Sources */ = {isa = PBXBuildFile; fileRef = 602249D519A77CE700284CBA /* The_ListTests.m */; };
/* End PBXBuildFile section */

/* Begin PBXContainerItemProxy section */
		602249CD19A77CE700284CBA /* PBXContainerItemProxy */ = {
			isa = PBXContainerItemProxy;
			containerPortal = 6022499F19A77CE700284CBA /* Project object */;
			proxyType = 1;
			remoteGlobalIDString = 602249A619A77CE700284CBA;
			remoteInfo = "The List";
		};
/* End PBXContainerItemProxy section */

/* Begin PBXFileReference section */
		602249A719A77CE700284CBA /* The List.app */ = {isa = PBXFileReference; explicitFileType = wrapper.application; includeInIndex = 0; path = "The List.app"; sourceTree = BUILT_PRODUCTS_DIR; };
		602249AA19A77CE700284CBA /* Foundation.framework */ = {isa = PBXFileReference; lastKnownFileType = wrapper.framework; name = Foundation.framework; path = System/Library/Frameworks/Foundation.framework; sourceTree = SDKROOT; };
		602249AC19A77CE700284CBA /* CoreGraphics.framework */ = {isa = PBXFileReference; lastKnownFileType = wrapper.framework; name = CoreGraphics.framework; path = System/Library/Frameworks/CoreGraphics.framework; sourceTree = SDKROOT; };
		602249AE19A77CE700284CBA /* UIKit.framework */ = {isa = PBXFileReference; lastKnownFileType = wrapper.framework; name = UIKit.framework; path = System/Library/Frameworks/UIKit.framework; sourceTree = SDKROOT; };
		602249B219A77CE700284CBA /* The List-Info.plist */ = {isa = PBXFileReference; lastKnownFileType = text.plist.xml; path = "The List-Info.plist"; sourceTree = "<group>"; };
		602249B419A77CE700284CBA /* en */ = {isa = PBXFileReference; lastKnownFileType = text.plist.strings; name = en; path = en.lproj/InfoPlist.strings; sourceTree = "<group>"; };
		602249B619A77CE700284CBA /* main.m */ = {isa = PBXFileReference; lastKnownFileType = sourcecode.c.objc; path = main.m; sourceTree = "<group>"; };
		602249B819A77CE700284CBA /* The List-Prefix.pch */ = {isa = PBXFileReference; lastKnownFileType = sourcecode.c.h; path = "The List-Prefix.pch"; sourceTree = "<group>"; };
		602249B919A77CE700284CBA /* TLAAppDelegate.h */ = {isa = PBXFileReference; lastKnownFileType = sourcecode.c.h; path = TLAAppDelegate.h; sourceTree = "<group>"; };
		602249BA19A77CE700284CBA /* TLAAppDelegate.m */ = {isa = PBXFileReference; lastKnownFileType = sourcecode.c.objc; path = TLAAppDelegate.m; sourceTree = "<group>"; };
		602249BD19A77CE700284CBA /* Base */ = {isa = PBXFileReference; lastKnownFileType = file.storyboard; name = Base; path = Base.lproj/Main.storyboard; sourceTree = "<group>"; };
		602249BF19A77CE700284CBA /* TLAViewController.h */ = {isa = PBXFileReference; lastKnownFileType = sourcecode.c.h; path = TLAViewController.h; sourceTree = "<group>"; };
		602249C019A77CE700284CBA /* TLAViewController.m */ = {isa = PBXFileReference; lastKnownFileType = sourcecode.c.objc; path = TLAViewController.m; sourceTree = "<group>"; };
		602249C219A77CE700284CBA /* Images.xcassets */ = {isa = PBXFileReference; lastKnownFileType = folder.assetcatalog; path = Images.xcassets; sourceTree = "<group>"; };
		602249C819A77CE700284CBA /* The ListTests.xctest */ = {isa = PBXFileReference; explicitFileType = wrapper.cfbundle; includeInIndex = 0; path = "The ListTests.xctest"; sourceTree = BUILT_PRODUCTS_DIR; };
		602249C919A77CE700284CBA /* XCTest.framework */ = {isa = PBXFileReference; lastKnownFileType = wrapper.framework; name = XCTest.framework; path = Library/Frameworks/XCTest.framework; sourceTree = DEVELOPER_DIR; };
		602249D119A77CE700284CBA /* The ListTests-Info.plist */ = {isa = PBXFileReference; lastKnownFileType = text.plist.xml; path = "The ListTests-Info.plist"; sourceTree = "<group>"; };
		602249D319A77CE700284CBA /* en */ = {isa = PBXFileReference; lastKnownFileType = text.plist.strings; name = en; path = en.lproj/InfoPlist.strings; sourceTree = "<group>"; };
		602249D519A77CE700284CBA /* The_ListTests.m */ = {isa = PBXFileReference; lastKnownFileType = sourcecode.c.objc; path = The_ListTests.m; sourceTree = "<group>"; };
/* End PBXFileReference section */

/* Begin PBXFrameworksBuildPhase section */
		602249A419A77CE700284CBA /* Frameworks */ = {
			isa = PBXFrameworksBuildPhase;
			buildActionMask = 2147483647;
			files = (
				602249AD19A77CE700284CBA /* CoreGraphics.framework in Frameworks */,
				602249AF19A77CE700284CBA /* UIKit.framework in Frameworks */,
				602249AB19A77CE700284CBA /* Foundation.framework in Frameworks */,
			);
			runOnlyForDeploymentPostprocessing = 0;
		};
		602249C519A77CE700284CBA /* Frameworks */ = {
			isa = PBXFrameworksBuildPhase;
			buildActionMask = 2147483647;
			files = (
				602249CA19A77CE700284CBA /* XCTest.framework in Frameworks */,
				602249CC19A77CE700284CBA /* UIKit.framework in Frameworks */,
				602249CB19A77CE700284CBA /* Foundation.framework in Frameworks */,
			);
			runOnlyForDeploymentPostprocessing = 0;
		};
/* End PBXFrameworksBuildPhase section */

/* Begin PBXGroup section */
		6022499E19A77CE700284CBA = {
			isa = PBXGroup;
			children = (
				602249B019A77CE700284CBA /* The List */,
				602249CF19A77CE700284CBA /* The ListTests */,
				602249A919A77CE700284CBA /* Frameworks */,
				602249A819A77CE700284CBA /* Products */,
			);
			sourceTree = "<group>";
		};
		602249A819A77CE700284CBA /* Products */ = {
			isa = PBXGroup;
			children = (
				602249A719A77CE700284CBA /* The List.app */,
				602249C819A77CE700284CBA /* The ListTests.xctest */,
			);
			name = Products;
			sourceTree = "<group>";
		};
		602249A919A77CE700284CBA /* Frameworks */ = {
			isa = PBXGroup;
			children = (
				602249AA19A77CE700284CBA /* Foundation.framework */,
				602249AC19A77CE700284CBA /* CoreGraphics.framework */,
				602249AE19A77CE700284CBA /* UIKit.framework */,
				602249C919A77CE700284CBA /* XCTest.framework */,
			);
			name = Frameworks;
			sourceTree = "<group>";
		};
		602249B019A77CE700284CBA /* The List */ = {
			isa = PBXGroup;
			children = (
				602249B919A77CE700284CBA /* TLAAppDelegate.h */,
				602249BA19A77CE700284CBA /* TLAAppDelegate.m */,
				602249BC19A77CE700284CBA /* Main.storyboard */,
				602249BF19A77CE700284CBA /* TLAViewController.h */,
				602249C019A77CE700284CBA /* TLAViewController.m */,
				602249C219A77CE700284CBA /* Images.xcassets */,
				602249B119A77CE700284CBA /* Supporting Files */,
			);
			path = "The List";
			sourceTree = "<group>";
		};
		602249B119A77CE700284CBA /* Supporting Files */ = {
			isa = PBXGroup;
			children = (
				602249B219A77CE700284CBA /* The List-Info.plist */,
				602249B319A77CE700284CBA /* InfoPlist.strings */,
				602249B619A77CE700284CBA /* main.m */,
				602249B819A77CE700284CBA /* The List-Prefix.pch */,
			);
			name = "Supporting Files";
			sourceTree = "<group>";
		};
		602249CF19A77CE700284CBA /* The ListTests */ = {
			isa = PBXGroup;
			children = (
				602249D519A77CE700284CBA /* The_ListTests.m */,
				602249D019A77CE700284CBA /* Supporting Files */,
			);
			path = "The ListTests";
			sourceTree = "<group>";
		};
		602249D019A77CE700284CBA /* Supporting Files */ = {
			isa = PBXGroup;
			children = (
				602249D119A77CE700284CBA /* The ListTests-Info.plist */,
				602249D219A77CE700284CBA /* InfoPlist.strings */,
			);
			name = "Supporting Files";
			sourceTree = "<group>";
		};
/* End PBXGroup section */

/* Begin PBXNativeTarget section */
		602249A619A77CE700284CBA /* The List */ = {
			isa = PBXNativeTarget;
			buildConfigurationList = 602249D919A77CE700284CBA /* Build configuration list for PBXNativeTarget "The List" */;
			buildPhases = (
				602249A319A77CE700284CBA /* Sources */,
				602249A419A77CE700284CBA /* Frameworks */,
				602249A519A77CE700284CBA /* Resources */,
			);
			buildRules = (
			);
			dependencies = (
			);
			name = "The List";
			productName = "The List";
			productReference = 602249A719A77CE700284CBA /* The List.app */;
			productType = "com.apple.product-type.application";
		};
		602249C719A77CE700284CBA /* The ListTests */ = {
			isa = PBXNativeTarget;
			buildConfigurationList = 602249DC19A77CE700284CBA /* Build configuration list for PBXNativeTarget "The ListTests" */;
			buildPhases = (
				602249C419A77CE700284CBA /* Sources */,
				602249C519A77CE700284CBA /* Frameworks */,
				602249C619A77CE700284CBA /* Resources */,
			);
			buildRules = (
			);
			dependencies = (
				602249CE19A77CE700284CBA /* PBXTargetDependency */,
			);
			name = "The ListTests";
			productName = "The ListTests";
			productReference = 602249C819A77CE700284CBA /* The ListTests.xctest */;
			productType = "com.apple.product-type.bundle.unit-test";
		};
/* End PBXNativeTarget section */

/* Begin PBXProject section */
		6022499F19A77CE700284CBA /* Project object */ = {
			isa = PBXProject;
			attributes = {
				CLASSPREFIX = TLA;
				LastUpgradeCheck = 0510;
				ORGANIZATIONNAME = "Shane Sniteman";
				TargetAttributes = {
					602249C719A77CE700284CBA = {
						TestTargetID = 602249A619A77CE700284CBA;
					};
				};
			};
			buildConfigurationList = 602249A219A77CE700284CBA /* Build configuration list for PBXProject "The List" */;
			compatibilityVersion = "Xcode 3.2";
			developmentRegion = English;
			hasScannedForEncodings = 0;
			knownRegions = (
				en,
				Base,
			);
			mainGroup = 6022499E19A77CE700284CBA;
			productRefGroup = 602249A819A77CE700284CBA /* Products */;
			projectDirPath = "";
			projectRoot = "";
			targets = (
				602249A619A77CE700284CBA /* The List */,
				602249C719A77CE700284CBA /* The ListTests */,
			);
		};
/* End PBXProject section */

/* Begin PBXResourcesBuildPhase section */
		602249A519A77CE700284CBA /* Resources */ = {
			isa = PBXResourcesBuildPhase;
			buildActionMask = 2147483647;
			files = (
				602249C319A77CE700284CBA /* Images.xcassets in Resources */,
				602249B519A77CE700284CBA /* InfoPlist.strings in Resources */,
				602249BE19A77CE700284CBA /* Main.storyboard in Resources */,
			);
			runOnlyForDeploymentPostprocessing = 0;
		};
		602249C619A77CE700284CBA /* Resources */ = {
			isa = PBXResourcesBuildPhase;
			buildActionMask = 2147483647;
			files = (
				602249D419A77CE700284CBA /* InfoPlist.strings in Resources */,
			);
			runOnlyForDeploymentPostprocessing = 0;
		};
/* End PBXResourcesBuildPhase section */

/* Begin PBXSourcesBuildPhase section */
		602249A319A77CE700284CBA /* Sources */ = {
			isa = PBXSourcesBuildPhase;
			buildActionMask = 2147483647;
			files = (
				602249C119A77CE700284CBA /* TLAViewController.m in Sources */,
				602249BB19A77CE700284CBA /* TLAAppDelegate.m in Sources */,
				602249B719A77CE700284CBA /* main.m in Sources */,
			);
			runOnlyForDeploymentPostprocessing = 0;
		};
		602249C419A77CE700284CBA /* Sources */ = {
			isa = PBXSourcesBuildPhase;
			buildActionMask = 2147483647;
			files = (
				602249D619A77CE700284CBA /* The_ListTests.m in Sources */,
			);
			runOnlyForDeploymentPostprocessing = 0;
		};
/* End PBXSourcesBuildPhase section */

/* Begin PBXTargetDependency section */
		602249CE19A77CE700284CBA /* PBXTargetDependency */ = {
			isa = PBXTargetDependency;
			target = 602249A619A77CE700284CBA /* The List */;
			targetProxy = 602249CD19A77CE700284CBA /* PBXContainerItemProxy */;
		};
/* End PBXTargetDependency section */

/* Begin PBXVariantGroup section */
		602249B319A77CE700284CBA /* InfoPlist.strings */ = {
			isa = PBXVariantGroup;
			children = (
				602249B419A77CE700284CBA /* en */,
			);
			name = InfoPlist.strings;
			sourceTree = "<group>";
		};
		602249BC19A77CE700284CBA /* Main.storyboard */ = {
			isa = PBXVariantGroup;
			children = (
				602249BD19A77CE700284CBA /* Base */,
			);
			name = Main.storyboard;
			sourceTree = "<group>";
		};
		602249D219A77CE700284CBA /* InfoPlist.strings */ = {
			isa = PBXVariantGroup;
			children = (
				602249D319A77CE700284CBA /* en */,
			);
			name = InfoPlist.strings;
			sourceTree = "<group>";
		};
/* End PBXVariantGroup section */

/* Begin XCBuildConfiguration section */
		602249D719A77CE700284CBA /* Debug */ = {
			isa = XCBuildConfiguration;
			buildSettings = {
				ALWAYS_SEARCH_USER_PATHS = NO;
				CLANG_CXX_LANGUAGE_STANDARD = "gnu++0x";
				CLANG_CXX_LIBRARY = "libc++";
				CLANG_ENABLE_MODULES = YES;
				CLANG_ENABLE_OBJC_ARC = YES;
				CLANG_WARN_BOOL_CONVERSION = YES;
				CLANG_WARN_CONSTANT_CONVERSION = YES;
				CLANG_WARN_DIRECT_OBJC_ISA_USAGE = YES_ERROR;
				CLANG_WARN_EMPTY_BODY = YES;
				CLANG_WARN_ENUM_CONVERSION = YES;
				CLANG_WARN_INT_CONVERSION = YES;
				CLANG_WARN_OBJC_ROOT_CLASS = YES_ERROR;
				CLANG_WARN__DUPLICATE_METHOD_MATCH = YES;
				"CODE_SIGN_IDENTITY[sdk=iphoneos*]" = "iPhone Developer";
				COPY_PHASE_STRIP = NO;
				GCC_C_LANGUAGE_STANDARD = gnu99;
				GCC_DYNAMIC_NO_PIC = NO;
				GCC_OPTIMIZATION_LEVEL = 0;
				GCC_PREPROCESSOR_DEFINITIONS = (
					"DEBUG=1",
					"$(inherited)",
				);
				GCC_SYMBOLS_PRIVATE_EXTERN = NO;
				GCC_WARN_64_TO_32_BIT_CONVERSION = YES;
				GCC_WARN_ABOUT_RETURN_TYPE = YES_ERROR;
				GCC_WARN_UNDECLARED_SELECTOR = YES;
				GCC_WARN_UNINITIALIZED_AUTOS = YES_AGGRESSIVE;
				GCC_WARN_UNUSED_FUNCTION = YES;
				GCC_WARN_UNUSED_VARIABLE = YES;
				IPHONEOS_DEPLOYMENT_TARGET = 7.1;
				ONLY_ACTIVE_ARCH = YES;
				SDKROOT = iphoneos;
			};
			name = Debug;
		};
		602249D819A77CE700284CBA /* Release */ = {
			isa = XCBuildConfiguration;
			buildSettings = {
				ALWAYS_SEARCH_USER_PATHS = NO;
				CLANG_CXX_LANGUAGE_STANDARD = "gnu++0x";
				CLANG_CXX_LIBRARY = "libc++";
				CLANG_ENABLE_MODULES = YES;
				CLANG_ENABLE_OBJC_ARC = YES;
				CLANG_WARN_BOOL_CONVERSION = YES;
				CLANG_WARN_CONSTANT_CONVERSION = YES;
				CLANG_WARN_DIRECT_OBJC_ISA_USAGE = YES_ERROR;
				CLANG_WARN_EMPTY_BODY = YES;
				CLANG_WARN_ENUM_CONVERSION = YES;
				CLANG_WARN_INT_CONVERSION = YES;
				CLANG_WARN_OBJC_ROOT_CLASS = YES_ERROR;
				CLANG_WARN__DUPLICATE_METHOD_MATCH = YES;
				"CODE_SIGN_IDENTITY[sdk=iphoneos*]" = "iPhone Developer";
				COPY_PHASE_STRIP = YES;
				ENABLE_NS_ASSERTIONS = NO;
				GCC_C_LANGUAGE_STANDARD = gnu99;
				GCC_WARN_64_TO_32_BIT_CONVERSION = YES;
				GCC_WARN_ABOUT_RETURN_TYPE = YES_ERROR;
				GCC_WARN_UNDECLARED_SELECTOR = YES;
				GCC_WARN_UNINITIALIZED_AUTOS = YES_AGGRESSIVE;
				GCC_WARN_UNUSED_FUNCTION = YES;
				GCC_WARN_UNUSED_VARIABLE = YES;
				IPHONEOS_DEPLOYMENT_TARGET = 7.1;
				SDKROOT = iphoneos;
				VALIDATE_PRODUCT = YES;
			};
			name = Release;
		};
		602249DA19A77CE700284CBA /* Debug */ = {
			isa = XCBuildConfiguration;
			buildSettings = {
				ASSETCATALOG_COMPILER_APPICON_NAME = AppIcon;
				ASSETCATALOG_COMPILER_LAUNCHIMAGE_NAME = LaunchImage;
				GCC_PRECOMPILE_PREFIX_HEADER = YES;
				GCC_PREFIX_HEADER = "The List/The List-Prefix.pch";
				INFOPLIST_FILE = "The List/The List-Info.plist";
				PRODUCT_NAME = "$(TARGET_NAME)";
				WRAPPER_EXTENSION = app;
			};
			name = Debug;
		};
		602249DB19A77CE700284CBA /* Release */ = {
			isa = XCBuildConfiguration;
			buildSettings = {
				ASSETCATALOG_COMPILER_APPICON_NAME = AppIcon;
				ASSETCATALOG_COMPILER_LAUNCHIMAGE_NAME = LaunchImage;
				GCC_PRECOMPILE_PREFIX_HEADER = YES;
				GCC_PREFIX_HEADER = "The List/The List-Prefix.pch";
				INFOPLIST_FILE = "The List/The List-Info.plist";
				PRODUCT_NAME = "$(TARGET_NAME)";
				WRAPPER_EXTENSION = app;
			};
			name = Release;
		};
		602249DD19A77CE700284CBA /* Debug */ = {
			isa = XCBuildConfiguration;
			buildSettings = {
				BUNDLE_LOADER = "$(BUILT_PRODUCTS_DIR)/The List.app/The List";
				FRAMEWORK_SEARCH_PATHS = (
					"$(SDKROOT)/Developer/Library/Frameworks",
					"$(inherited)",
					"$(DEVELOPER_FRAMEWORKS_DIR)",
				);
				GCC_PRECOMPILE_PREFIX_HEADER = YES;
				GCC_PREFIX_HEADER = "The List/The List-Prefix.pch";
				GCC_PREPROCESSOR_DEFINITIONS = (
					"DEBUG=1",
					"$(inherited)",
				);
				INFOPLIST_FILE = "The ListTests/The ListTests-Info.plist";
				PRODUCT_NAME = "$(TARGET_NAME)";
				TEST_HOST = "$(BUNDLE_LOADER)";
				WRAPPER_EXTENSION = xctest;
			};
			name = Debug;
		};
		602249DE19A77CE700284CBA /* Release */ = {
			isa = XCBuildConfiguration;
			buildSettings = {
				BUNDLE_LOADER = "$(BUILT_PRODUCTS_DIR)/The List.app/The List";
				FRAMEWORK_SEARCH_PATHS = (
					"$(SDKROOT)/Developer/Library/Frameworks",
					"$(inherited)",
					"$(DEVELOPER_FRAMEWORKS_DIR)",
				);
				GCC_PRECOMPILE_PREFIX_HEADER = YES;
				GCC_PREFIX_HEADER = "The List/The List-Prefix.pch";
				INFOPLIST_FILE = "The ListTests/The ListTests-Info.plist";
				PRODUCT_NAME = "$(TARGET_NAME)";
				TEST_HOST = "$(BUNDLE_LOADER)";
				WRAPPER_EXTENSION = xctest;
			};
			name = Release;
		};
/* End XCBuildConfiguration section */

/* Begin XCConfigurationList section */
		602249A219A77CE700284CBA /* Build configuration list for PBXProject "The List" */ = {
			isa = XCConfigurationList;
			buildConfigurations = (
				602249D719A77CE700284CBA /* Debug */,
				602249D819A77CE700284CBA /* Release */,
			);
			defaultConfigurationIsVisible = 0;
			defaultConfigurationName = Release;
		};
		602249D919A77CE700284CBA /* Build configuration list for PBXNativeTarget "The List" */ = {
			isa = XCConfigurationList;
			buildConfigurations = (
				602249DA19A77CE700284CBA /* Debug */,
				602249DB19A77CE700284CBA /* Release */,
			);
			defaultConfigurationIsVisible = 0;
		};
		602249DC19A77CE700284CBA /* Build configuration list for PBXNativeTarget "The ListTests" */ = {
			isa = XCConfigurationList;
			buildConfigurations = (
				602249DD19A77CE700284CBA /* Debug */,
				602249DE19A77CE700284CBA /* Release */,
			);
			defaultConfigurationIsVisible = 0;
		};
/* End XCConfigurationList section */
	};
	rootObject = 6022499F19A77CE700284CBA /* Project object */;
}
