// !$*UTF8*$!
{
	archiveVersion = 1;
	classes = {
	};
	objectVersion = 46;
	objects = {

/* Begin PBXBuildFile section */
		60B14CC919A3871300BA1B9F /* Foundation.framework in Frameworks */ = {isa = PBXBuildFile; fileRef = 60B14CC819A3871300BA1B9F /* Foundation.framework */; };
		60B14CCB19A3871300BA1B9F /* CoreGraphics.framework in Frameworks */ = {isa = PBXBuildFile; fileRef = 60B14CCA19A3871300BA1B9F /* CoreGraphics.framework */; };
		60B14CCD19A3871300BA1B9F /* UIKit.framework in Frameworks */ = {isa = PBXBuildFile; fileRef = 60B14CCC19A3871300BA1B9F /* UIKit.framework */; };
		60B14CD319A3871300BA1B9F /* InfoPlist.strings in Resources */ = {isa = PBXBuildFile; fileRef = 60B14CD119A3871300BA1B9F /* InfoPlist.strings */; };
		60B14CD519A3871300BA1B9F /* main.m in Sources */ = {isa = PBXBuildFile; fileRef = 60B14CD419A3871300BA1B9F /* main.m */; };
		60B14CD919A3871300BA1B9F /* MSAAppDelegate.m in Sources */ = {isa = PBXBuildFile; fileRef = 60B14CD819A3871300BA1B9F /* MSAAppDelegate.m */; };
		60B14CDC19A3871300BA1B9F /* Main.storyboard in Resources */ = {isa = PBXBuildFile; fileRef = 60B14CDA19A3871300BA1B9F /* Main.storyboard */; };
		60B14CDF19A3871300BA1B9F /* MSAFirstViewController.m in Sources */ = {isa = PBXBuildFile; fileRef = 60B14CDE19A3871300BA1B9F /* MSAFirstViewController.m */; };
		60B14CE219A3871300BA1B9F /* MSASecondViewController.m in Sources */ = {isa = PBXBuildFile; fileRef = 60B14CE119A3871300BA1B9F /* MSASecondViewController.m */; };
		60B14CE419A3871300BA1B9F /* Images.xcassets in Resources */ = {isa = PBXBuildFile; fileRef = 60B14CE319A3871300BA1B9F /* Images.xcassets */; };
		60B14CEB19A3871300BA1B9F /* XCTest.framework in Frameworks */ = {isa = PBXBuildFile; fileRef = 60B14CEA19A3871300BA1B9F /* XCTest.framework */; };
		60B14CEC19A3871300BA1B9F /* Foundation.framework in Frameworks */ = {isa = PBXBuildFile; fileRef = 60B14CC819A3871300BA1B9F /* Foundation.framework */; };
		60B14CED19A3871300BA1B9F /* UIKit.framework in Frameworks */ = {isa = PBXBuildFile; fileRef = 60B14CCC19A3871300BA1B9F /* UIKit.framework */; };
		60B14CF519A3871300BA1B9F /* InfoPlist.strings in Resources */ = {isa = PBXBuildFile; fileRef = 60B14CF319A3871300BA1B9F /* InfoPlist.strings */; };
		60B14CF719A3871300BA1B9F /* MayorshipsTests.m in Sources */ = {isa = PBXBuildFile; fileRef = 60B14CF619A3871300BA1B9F /* MayorshipsTests.m */; };
		60B14D0219A38C9800BA1B9F /* MSARequest.m in Sources */ = {isa = PBXBuildFile; fileRef = 60B14D0119A38C9800BA1B9F /* MSARequest.m */; };
		60B14D0419A4DCED00BA1B9F /* game@2x.png in Resources */ = {isa = PBXBuildFile; fileRef = 60B14D0319A4DCED00BA1B9F /* game@2x.png */; };
/* End PBXBuildFile section */

/* Begin PBXContainerItemProxy section */
		60B14CEE19A3871300BA1B9F /* PBXContainerItemProxy */ = {
			isa = PBXContainerItemProxy;
			containerPortal = 60B14CBD19A3871300BA1B9F /* Project object */;
			proxyType = 1;
			remoteGlobalIDString = 60B14CC419A3871300BA1B9F;
			remoteInfo = Mayorships;
		};
/* End PBXContainerItemProxy section */

/* Begin PBXFileReference section */
		60B14CC519A3871300BA1B9F /* Mayorships.app */ = {isa = PBXFileReference; explicitFileType = wrapper.application; includeInIndex = 0; path = Mayorships.app; sourceTree = BUILT_PRODUCTS_DIR; };
		60B14CC819A3871300BA1B9F /* Foundation.framework */ = {isa = PBXFileReference; lastKnownFileType = wrapper.framework; name = Foundation.framework; path = System/Library/Frameworks/Foundation.framework; sourceTree = SDKROOT; };
		60B14CCA19A3871300BA1B9F /* CoreGraphics.framework */ = {isa = PBXFileReference; lastKnownFileType = wrapper.framework; name = CoreGraphics.framework; path = System/Library/Frameworks/CoreGraphics.framework; sourceTree = SDKROOT; };
		60B14CCC19A3871300BA1B9F /* UIKit.framework */ = {isa = PBXFileReference; lastKnownFileType = wrapper.framework; name = UIKit.framework; path = System/Library/Frameworks/UIKit.framework; sourceTree = SDKROOT; };
		60B14CD019A3871300BA1B9F /* Mayorships-Info.plist */ = {isa = PBXFileReference; lastKnownFileType = text.plist.xml; path = "Mayorships-Info.plist"; sourceTree = "<group>"; };
		60B14CD219A3871300BA1B9F /* en */ = {isa = PBXFileReference; lastKnownFileType = text.plist.strings; name = en; path = en.lproj/InfoPlist.strings; sourceTree = "<group>"; };
		60B14CD419A3871300BA1B9F /* main.m */ = {isa = PBXFileReference; lastKnownFileType = sourcecode.c.objc; path = main.m; sourceTree = "<group>"; };
		60B14CD619A3871300BA1B9F /* Mayorships-Prefix.pch */ = {isa = PBXFileReference; lastKnownFileType = sourcecode.c.h; path = "Mayorships-Prefix.pch"; sourceTree = "<group>"; };
		60B14CD719A3871300BA1B9F /* MSAAppDelegate.h */ = {isa = PBXFileReference; lastKnownFileType = sourcecode.c.h; path = MSAAppDelegate.h; sourceTree = "<group>"; };
		60B14CD819A3871300BA1B9F /* MSAAppDelegate.m */ = {isa = PBXFileReference; lastKnownFileType = sourcecode.c.objc; path = MSAAppDelegate.m; sourceTree = "<group>"; };
		60B14CDB19A3871300BA1B9F /* Base */ = {isa = PBXFileReference; lastKnownFileType = file.storyboard; name = Base; path = Base.lproj/Main.storyboard; sourceTree = "<group>"; };
		60B14CDD19A3871300BA1B9F /* MSAFirstViewController.h */ = {isa = PBXFileReference; lastKnownFileType = sourcecode.c.h; path = MSAFirstViewController.h; sourceTree = "<group>"; };
		60B14CDE19A3871300BA1B9F /* MSAFirstViewController.m */ = {isa = PBXFileReference; lastKnownFileType = sourcecode.c.objc; path = MSAFirstViewController.m; sourceTree = "<group>"; };
		60B14CE019A3871300BA1B9F /* MSASecondViewController.h */ = {isa = PBXFileReference; lastKnownFileType = sourcecode.c.h; path = MSASecondViewController.h; sourceTree = "<group>"; };
		60B14CE119A3871300BA1B9F /* MSASecondViewController.m */ = {isa = PBXFileReference; lastKnownFileType = sourcecode.c.objc; path = MSASecondViewController.m; sourceTree = "<group>"; };
		60B14CE319A3871300BA1B9F /* Images.xcassets */ = {isa = PBXFileReference; lastKnownFileType = folder.assetcatalog; path = Images.xcassets; sourceTree = "<group>"; };
		60B14CE919A3871300BA1B9F /* MayorshipsTests.xctest */ = {isa = PBXFileReference; explicitFileType = wrapper.cfbundle; includeInIndex = 0; path = MayorshipsTests.xctest; sourceTree = BUILT_PRODUCTS_DIR; };
		60B14CEA19A3871300BA1B9F /* XCTest.framework */ = {isa = PBXFileReference; lastKnownFileType = wrapper.framework; name = XCTest.framework; path = Library/Frameworks/XCTest.framework; sourceTree = DEVELOPER_DIR; };
		60B14CF219A3871300BA1B9F /* MayorshipsTests-Info.plist */ = {isa = PBXFileReference; lastKnownFileType = text.plist.xml; path = "MayorshipsTests-Info.plist"; sourceTree = "<group>"; };
		60B14CF419A3871300BA1B9F /* en */ = {isa = PBXFileReference; lastKnownFileType = text.plist.strings; name = en; path = en.lproj/InfoPlist.strings; sourceTree = "<group>"; };
		60B14CF619A3871300BA1B9F /* MayorshipsTests.m */ = {isa = PBXFileReference; lastKnownFileType = sourcecode.c.objc; path = MayorshipsTests.m; sourceTree = "<group>"; };
		60B14D0019A38C9800BA1B9F /* MSARequest.h */ = {isa = PBXFileReference; fileEncoding = 4; lastKnownFileType = sourcecode.c.h; path = MSARequest.h; sourceTree = "<group>"; };
		60B14D0119A38C9800BA1B9F /* MSARequest.m */ = {isa = PBXFileReference; fileEncoding = 4; lastKnownFileType = sourcecode.c.objc; path = MSARequest.m; sourceTree = "<group>"; };
		60B14D0319A4DCED00BA1B9F /* game@2x.png */ = {isa = PBXFileReference; lastKnownFileType = image.png; path = "game@2x.png"; sourceTree = "<group>"; };
/* End PBXFileReference section */

/* Begin PBXFrameworksBuildPhase section */
		60B14CC219A3871300BA1B9F /* Frameworks */ = {
			isa = PBXFrameworksBuildPhase;
			buildActionMask = 2147483647;
			files = (
				60B14CCB19A3871300BA1B9F /* CoreGraphics.framework in Frameworks */,
				60B14CCD19A3871300BA1B9F /* UIKit.framework in Frameworks */,
				60B14CC919A3871300BA1B9F /* Foundation.framework in Frameworks */,
			);
			runOnlyForDeploymentPostprocessing = 0;
		};
		60B14CE619A3871300BA1B9F /* Frameworks */ = {
			isa = PBXFrameworksBuildPhase;
			buildActionMask = 2147483647;
			files = (
				60B14CEB19A3871300BA1B9F /* XCTest.framework in Frameworks */,
				60B14CED19A3871300BA1B9F /* UIKit.framework in Frameworks */,
				60B14CEC19A3871300BA1B9F /* Foundation.framework in Frameworks */,
			);
			runOnlyForDeploymentPostprocessing = 0;
		};
/* End PBXFrameworksBuildPhase section */

/* Begin PBXGroup section */
		60B14CBC19A3871300BA1B9F = {
			isa = PBXGroup;
			children = (
				60B14D0319A4DCED00BA1B9F /* game@2x.png */,
				60B14D0019A38C9800BA1B9F /* MSARequest.h */,
				60B14D0119A38C9800BA1B9F /* MSARequest.m */,
				60B14CCE19A3871300BA1B9F /* Mayorships */,
				60B14CF019A3871300BA1B9F /* MayorshipsTests */,
				60B14CC719A3871300BA1B9F /* Frameworks */,
				60B14CC619A3871300BA1B9F /* Products */,
			);
			sourceTree = "<group>";
		};
		60B14CC619A3871300BA1B9F /* Products */ = {
			isa = PBXGroup;
			children = (
				60B14CC519A3871300BA1B9F /* Mayorships.app */,
				60B14CE919A3871300BA1B9F /* MayorshipsTests.xctest */,
			);
			name = Products;
			sourceTree = "<group>";
		};
		60B14CC719A3871300BA1B9F /* Frameworks */ = {
			isa = PBXGroup;
			children = (
				60B14CC819A3871300BA1B9F /* Foundation.framework */,
				60B14CCA19A3871300BA1B9F /* CoreGraphics.framework */,
				60B14CCC19A3871300BA1B9F /* UIKit.framework */,
				60B14CEA19A3871300BA1B9F /* XCTest.framework */,
			);
			name = Frameworks;
			sourceTree = "<group>";
		};
		60B14CCE19A3871300BA1B9F /* Mayorships */ = {
			isa = PBXGroup;
			children = (
				60B14CD719A3871300BA1B9F /* MSAAppDelegate.h */,
				60B14CD819A3871300BA1B9F /* MSAAppDelegate.m */,
				60B14CDA19A3871300BA1B9F /* Main.storyboard */,
				60B14CDD19A3871300BA1B9F /* MSAFirstViewController.h */,
				60B14CDE19A3871300BA1B9F /* MSAFirstViewController.m */,
				60B14CE019A3871300BA1B9F /* MSASecondViewController.h */,
				60B14CE119A3871300BA1B9F /* MSASecondViewController.m */,
				60B14CE319A3871300BA1B9F /* Images.xcassets */,
				60B14CCF19A3871300BA1B9F /* Supporting Files */,
			);
			path = Mayorships;
			sourceTree = "<group>";
		};
		60B14CCF19A3871300BA1B9F /* Supporting Files */ = {
			isa = PBXGroup;
			children = (
				60B14CD019A3871300BA1B9F /* Mayorships-Info.plist */,
				60B14CD119A3871300BA1B9F /* InfoPlist.strings */,
				60B14CD419A3871300BA1B9F /* main.m */,
				60B14CD619A3871300BA1B9F /* Mayorships-Prefix.pch */,
			);
			name = "Supporting Files";
			sourceTree = "<group>";
		};
		60B14CF019A3871300BA1B9F /* MayorshipsTests */ = {
			isa = PBXGroup;
			children = (
				60B14CF619A3871300BA1B9F /* MayorshipsTests.m */,
				60B14CF119A3871300BA1B9F /* Supporting Files */,
			);
			path = MayorshipsTests;
			sourceTree = "<group>";
		};
		60B14CF119A3871300BA1B9F /* Supporting Files */ = {
			isa = PBXGroup;
			children = (
				60B14CF219A3871300BA1B9F /* MayorshipsTests-Info.plist */,
				60B14CF319A3871300BA1B9F /* InfoPlist.strings */,
			);
			name = "Supporting Files";
			sourceTree = "<group>";
		};
/* End PBXGroup section */

/* Begin PBXNativeTarget section */
		60B14CC419A3871300BA1B9F /* Mayorships */ = {
			isa = PBXNativeTarget;
			buildConfigurationList = 60B14CFA19A3871300BA1B9F /* Build configuration list for PBXNativeTarget "Mayorships" */;
			buildPhases = (
				60B14CC119A3871300BA1B9F /* Sources */,
				60B14CC219A3871300BA1B9F /* Frameworks */,
				60B14CC319A3871300BA1B9F /* Resources */,
			);
			buildRules = (
			);
			dependencies = (
			);
			name = Mayorships;
			productName = Mayorships;
			productReference = 60B14CC519A3871300BA1B9F /* Mayorships.app */;
			productType = "com.apple.product-type.application";
		};
		60B14CE819A3871300BA1B9F /* MayorshipsTests */ = {
			isa = PBXNativeTarget;
			buildConfigurationList = 60B14CFD19A3871300BA1B9F /* Build configuration list for PBXNativeTarget "MayorshipsTests" */;
			buildPhases = (
				60B14CE519A3871300BA1B9F /* Sources */,
				60B14CE619A3871300BA1B9F /* Frameworks */,
				60B14CE719A3871300BA1B9F /* Resources */,
			);
			buildRules = (
			);
			dependencies = (
				60B14CEF19A3871300BA1B9F /* PBXTargetDependency */,
			);
			name = MayorshipsTests;
			productName = MayorshipsTests;
			productReference = 60B14CE919A3871300BA1B9F /* MayorshipsTests.xctest */;
			productType = "com.apple.product-type.bundle.unit-test";
		};
/* End PBXNativeTarget section */

/* Begin PBXProject section */
		60B14CBD19A3871300BA1B9F /* Project object */ = {
			isa = PBXProject;
			attributes = {
				CLASSPREFIX = MSA;
				LastUpgradeCheck = 0510;
				ORGANIZATIONNAME = "Shane Sniteman";
				TargetAttributes = {
					60B14CE819A3871300BA1B9F = {
						TestTargetID = 60B14CC419A3871300BA1B9F;
					};
				};
			};
			buildConfigurationList = 60B14CC019A3871300BA1B9F /* Build configuration list for PBXProject "Mayorships" */;
			compatibilityVersion = "Xcode 3.2";
			developmentRegion = English;
			hasScannedForEncodings = 0;
			knownRegions = (
				en,
				Base,
			);
			mainGroup = 60B14CBC19A3871300BA1B9F;
			productRefGroup = 60B14CC619A3871300BA1B9F /* Products */;
			projectDirPath = "";
			projectRoot = "";
			targets = (
				60B14CC419A3871300BA1B9F /* Mayorships */,
				60B14CE819A3871300BA1B9F /* MayorshipsTests */,
			);
		};
/* End PBXProject section */

/* Begin PBXResourcesBuildPhase section */
		60B14CC319A3871300BA1B9F /* Resources */ = {
			isa = PBXResourcesBuildPhase;
			buildActionMask = 2147483647;
			files = (
				60B14CE419A3871300BA1B9F /* Images.xcassets in Resources */,
				60B14D0419A4DCED00BA1B9F /* game@2x.png in Resources */,
				60B14CD319A3871300BA1B9F /* InfoPlist.strings in Resources */,
				60B14CDC19A3871300BA1B9F /* Main.storyboard in Resources */,
			);
			runOnlyForDeploymentPostprocessing = 0;
		};
		60B14CE719A3871300BA1B9F /* Resources */ = {
			isa = PBXResourcesBuildPhase;
			buildActionMask = 2147483647;
			files = (
				60B14CF519A3871300BA1B9F /* InfoPlist.strings in Resources */,
			);
			runOnlyForDeploymentPostprocessing = 0;
		};
/* End PBXResourcesBuildPhase section */

/* Begin PBXSourcesBuildPhase section */
		60B14CC119A3871300BA1B9F /* Sources */ = {
			isa = PBXSourcesBuildPhase;
			buildActionMask = 2147483647;
			files = (
				60B14CE219A3871300BA1B9F /* MSASecondViewController.m in Sources */,
				60B14D0219A38C9800BA1B9F /* MSARequest.m in Sources */,
				60B14CD919A3871300BA1B9F /* MSAAppDelegate.m in Sources */,
				60B14CD519A3871300BA1B9F /* main.m in Sources */,
				60B14CDF19A3871300BA1B9F /* MSAFirstViewController.m in Sources */,
			);
			runOnlyForDeploymentPostprocessing = 0;
		};
		60B14CE519A3871300BA1B9F /* Sources */ = {
			isa = PBXSourcesBuildPhase;
			buildActionMask = 2147483647;
			files = (
				60B14CF719A3871300BA1B9F /* MayorshipsTests.m in Sources */,
			);
			runOnlyForDeploymentPostprocessing = 0;
		};
/* End PBXSourcesBuildPhase section */

/* Begin PBXTargetDependency section */
		60B14CEF19A3871300BA1B9F /* PBXTargetDependency */ = {
			isa = PBXTargetDependency;
			target = 60B14CC419A3871300BA1B9F /* Mayorships */;
			targetProxy = 60B14CEE19A3871300BA1B9F /* PBXContainerItemProxy */;
		};
/* End PBXTargetDependency section */

/* Begin PBXVariantGroup section */
		60B14CD119A3871300BA1B9F /* InfoPlist.strings */ = {
			isa = PBXVariantGroup;
			children = (
				60B14CD219A3871300BA1B9F /* en */,
			);
			name = InfoPlist.strings;
			sourceTree = "<group>";
		};
		60B14CDA19A3871300BA1B9F /* Main.storyboard */ = {
			isa = PBXVariantGroup;
			children = (
				60B14CDB19A3871300BA1B9F /* Base */,
			);
			name = Main.storyboard;
			sourceTree = "<group>";
		};
		60B14CF319A3871300BA1B9F /* InfoPlist.strings */ = {
			isa = PBXVariantGroup;
			children = (
				60B14CF419A3871300BA1B9F /* en */,
			);
			name = InfoPlist.strings;
			sourceTree = "<group>";
		};
/* End PBXVariantGroup section */

/* Begin XCBuildConfiguration section */
		60B14CF819A3871300BA1B9F /* Debug */ = {
			isa = XCBuildConfiguration;
			buildSettings = {
				ALWAYS_SEARCH_USER_PATHS = NO;
				CLANG_CXX_LANGUAGE_STANDARD = "gnu++0x";
				CLANG_CXX_LIBRARY = "libc++";
				CLANG_ENABLE_MODULES = YES;
				CLANG_ENABLE_OBJC_ARC = YES;
				CLANG_WARN_BOOL_CONVERSION = YES;
				CLANG_WARN_CONSTANT_CONVERSION = YES;
				CLANG_WARN_DIRECT_OBJC_ISA_USAGE = YES_ERROR;
				CLANG_WARN_EMPTY_BODY = YES;
				CLANG_WARN_ENUM_CONVERSION = YES;
				CLANG_WARN_INT_CONVERSION = YES;
				CLANG_WARN_OBJC_ROOT_CLASS = YES_ERROR;
				CLANG_WARN__DUPLICATE_METHOD_MATCH = YES;
				"CODE_SIGN_IDENTITY[sdk=iphoneos*]" = "iPhone Developer";
				COPY_PHASE_STRIP = NO;
				GCC_C_LANGUAGE_STANDARD = gnu99;
				GCC_DYNAMIC_NO_PIC = NO;
				GCC_OPTIMIZATION_LEVEL = 0;
				GCC_PREPROCESSOR_DEFINITIONS = (
					"DEBUG=1",
					"$(inherited)",
				);
				GCC_SYMBOLS_PRIVATE_EXTERN = NO;
				GCC_WARN_64_TO_32_BIT_CONVERSION = YES;
				GCC_WARN_ABOUT_RETURN_TYPE = YES_ERROR;
				GCC_WARN_UNDECLARED_SELECTOR = YES;
				GCC_WARN_UNINITIALIZED_AUTOS = YES_AGGRESSIVE;
				GCC_WARN_UNUSED_FUNCTION = YES;
				GCC_WARN_UNUSED_VARIABLE = YES;
				IPHONEOS_DEPLOYMENT_TARGET = 7.1;
				ONLY_ACTIVE_ARCH = YES;
				SDKROOT = iphoneos;
			};
			name = Debug;
		};
		60B14CF919A3871300BA1B9F /* Release */ = {
			isa = XCBuildConfiguration;
			buildSettings = {
				ALWAYS_SEARCH_USER_PATHS = NO;
				CLANG_CXX_LANGUAGE_STANDARD = "gnu++0x";
				CLANG_CXX_LIBRARY = "libc++";
				CLANG_ENABLE_MODULES = YES;
				CLANG_ENABLE_OBJC_ARC = YES;
				CLANG_WARN_BOOL_CONVERSION = YES;
				CLANG_WARN_CONSTANT_CONVERSION = YES;
				CLANG_WARN_DIRECT_OBJC_ISA_USAGE = YES_ERROR;
				CLANG_WARN_EMPTY_BODY = YES;
				CLANG_WARN_ENUM_CONVERSION = YES;
				CLANG_WARN_INT_CONVERSION = YES;
				CLANG_WARN_OBJC_ROOT_CLASS = YES_ERROR;
				CLANG_WARN__DUPLICATE_METHOD_MATCH = YES;
				"CODE_SIGN_IDENTITY[sdk=iphoneos*]" = "iPhone Developer";
				COPY_PHASE_STRIP = YES;
				ENABLE_NS_ASSERTIONS = NO;
				GCC_C_LANGUAGE_STANDARD = gnu99;
				GCC_WARN_64_TO_32_BIT_CONVERSION = YES;
				GCC_WARN_ABOUT_RETURN_TYPE = YES_ERROR;
				GCC_WARN_UNDECLARED_SELECTOR = YES;
				GCC_WARN_UNINITIALIZED_AUTOS = YES_AGGRESSIVE;
				GCC_WARN_UNUSED_FUNCTION = YES;
				GCC_WARN_UNUSED_VARIABLE = YES;
				IPHONEOS_DEPLOYMENT_TARGET = 7.1;
				SDKROOT = iphoneos;
				VALIDATE_PRODUCT = YES;
			};
			name = Release;
		};
		60B14CFB19A3871300BA1B9F /* Debug */ = {
			isa = XCBuildConfiguration;
			buildSettings = {
				ASSETCATALOG_COMPILER_APPICON_NAME = AppIcon;
				ASSETCATALOG_COMPILER_LAUNCHIMAGE_NAME = LaunchImage;
				GCC_PRECOMPILE_PREFIX_HEADER = YES;
				GCC_PREFIX_HEADER = "Mayorships/Mayorships-Prefix.pch";
				INFOPLIST_FILE = "Mayorships/Mayorships-Info.plist";
				PRODUCT_NAME = "$(TARGET_NAME)";
				WRAPPER_EXTENSION = app;
			};
			name = Debug;
		};
		60B14CFC19A3871300BA1B9F /* Release */ = {
			isa = XCBuildConfiguration;
			buildSettings = {
				ASSETCATALOG_COMPILER_APPICON_NAME = AppIcon;
				ASSETCATALOG_COMPILER_LAUNCHIMAGE_NAME = LaunchImage;
				GCC_PRECOMPILE_PREFIX_HEADER = YES;
				GCC_PREFIX_HEADER = "Mayorships/Mayorships-Prefix.pch";
				INFOPLIST_FILE = "Mayorships/Mayorships-Info.plist";
				PRODUCT_NAME = "$(TARGET_NAME)";
				WRAPPER_EXTENSION = app;
			};
			name = Release;
		};
		60B14CFE19A3871300BA1B9F /* Debug */ = {
			isa = XCBuildConfiguration;
			buildSettings = {
				BUNDLE_LOADER = "$(BUILT_PRODUCTS_DIR)/Mayorships.app/Mayorships";
				FRAMEWORK_SEARCH_PATHS = (
					"$(SDKROOT)/Developer/Library/Frameworks",
					"$(inherited)",
					"$(DEVELOPER_FRAMEWORKS_DIR)",
				);
				GCC_PRECOMPILE_PREFIX_HEADER = YES;
				GCC_PREFIX_HEADER = "Mayorships/Mayorships-Prefix.pch";
				GCC_PREPROCESSOR_DEFINITIONS = (
					"DEBUG=1",
					"$(inherited)",
				);
				INFOPLIST_FILE = "MayorshipsTests/MayorshipsTests-Info.plist";
				PRODUCT_NAME = "$(TARGET_NAME)";
				TEST_HOST = "$(BUNDLE_LOADER)";
				WRAPPER_EXTENSION = xctest;
			};
			name = Debug;
		};
		60B14CFF19A3871300BA1B9F /* Release */ = {
			isa = XCBuildConfiguration;
			buildSettings = {
				BUNDLE_LOADER = "$(BUILT_PRODUCTS_DIR)/Mayorships.app/Mayorships";
				FRAMEWORK_SEARCH_PATHS = (
					"$(SDKROOT)/Developer/Library/Frameworks",
					"$(inherited)",
					"$(DEVELOPER_FRAMEWORKS_DIR)",
				);
				GCC_PRECOMPILE_PREFIX_HEADER = YES;
				GCC_PREFIX_HEADER = "Mayorships/Mayorships-Prefix.pch";
				INFOPLIST_FILE = "MayorshipsTests/MayorshipsTests-Info.plist";
				PRODUCT_NAME = "$(TARGET_NAME)";
				TEST_HOST = "$(BUNDLE_LOADER)";
				WRAPPER_EXTENSION = xctest;
			};
			name = Release;
		};
/* End XCBuildConfiguration section */

/* Begin XCConfigurationList section */
		60B14CC019A3871300BA1B9F /* Build configuration list for PBXProject "Mayorships" */ = {
			isa = XCConfigurationList;
			buildConfigurations = (
				60B14CF819A3871300BA1B9F /* Debug */,
				60B14CF919A3871300BA1B9F /* Release */,
			);
			defaultConfigurationIsVisible = 0;
			defaultConfigurationName = Release;
		};
		60B14CFA19A3871300BA1B9F /* Build configuration list for PBXNativeTarget "Mayorships" */ = {
			isa = XCConfigurationList;
			buildConfigurations = (
				60B14CFB19A3871300BA1B9F /* Debug */,
				60B14CFC19A3871300BA1B9F /* Release */,
			);
			defaultConfigurationIsVisible = 0;
		};
		60B14CFD19A3871300BA1B9F /* Build configuration list for PBXNativeTarget "MayorshipsTests" */ = {
			isa = XCConfigurationList;
			buildConfigurations = (
				60B14CFE19A3871300BA1B9F /* Debug */,
				60B14CFF19A3871300BA1B9F /* Release */,
			);
			defaultConfigurationIsVisible = 0;
		};
/* End XCConfigurationList section */
	};
	rootObject = 60B14CBD19A3871300BA1B9F /* Project object */;
}
