// !$*UTF8*$!
{
	archiveVersion = 1;
	classes = {
	};
	objectVersion = 46;
	objects = {

/* Begin PBXBuildFile section */
		60A456FA198684F500E32BAA /* Foundation.framework in Frameworks */ = {isa = PBXBuildFile; fileRef = 60A456F9198684F500E32BAA /* Foundation.framework */; };
		60A456FC198684F500E32BAA /* CoreGraphics.framework in Frameworks */ = {isa = PBXBuildFile; fileRef = 60A456FB198684F500E32BAA /* CoreGraphics.framework */; };
		60A456FE198684F500E32BAA /* UIKit.framework in Frameworks */ = {isa = PBXBuildFile; fileRef = 60A456FD198684F500E32BAA /* UIKit.framework */; };
		60A45704198684F500E32BAA /* InfoPlist.strings in Resources */ = {isa = PBXBuildFile; fileRef = 60A45702198684F500E32BAA /* InfoPlist.strings */; };
		60A45706198684F500E32BAA /* main.m in Sources */ = {isa = PBXBuildFile; fileRef = 60A45705198684F500E32BAA /* main.m */; };
		60A4570A198684F500E32BAA /* GRAAppDelegate.m in Sources */ = {isa = PBXBuildFile; fileRef = 60A45709198684F500E32BAA /* GRAAppDelegate.m */; };
		60A4570C198684F500E32BAA /* Images.xcassets in Resources */ = {isa = PBXBuildFile; fileRef = 60A4570B198684F500E32BAA /* Images.xcassets */; };
		60A45713198684F500E32BAA /* XCTest.framework in Frameworks */ = {isa = PBXBuildFile; fileRef = 60A45712198684F500E32BAA /* XCTest.framework */; };
		60A45714198684F500E32BAA /* Foundation.framework in Frameworks */ = {isa = PBXBuildFile; fileRef = 60A456F9198684F500E32BAA /* Foundation.framework */; };
		60A45715198684F500E32BAA /* UIKit.framework in Frameworks */ = {isa = PBXBuildFile; fileRef = 60A456FD198684F500E32BAA /* UIKit.framework */; };
		60A4571D198684F500E32BAA /* InfoPlist.strings in Resources */ = {isa = PBXBuildFile; fileRef = 60A4571B198684F500E32BAA /* InfoPlist.strings */; };
		60A4571F198684F500E32BAA /* GitHub_RequestTests.m in Sources */ = {isa = PBXBuildFile; fileRef = 60A4571E198684F500E32BAA /* GitHub_RequestTests.m */; };
		60A4572A1986857D00E32BAA /* GRAGitHubRequest.m in Sources */ = {isa = PBXBuildFile; fileRef = 60A457291986857D00E32BAA /* GRAGitHubRequest.m */; };
/* End PBXBuildFile section */

/* Begin PBXContainerItemProxy section */
		60A45716198684F500E32BAA /* PBXContainerItemProxy */ = {
			isa = PBXContainerItemProxy;
			containerPortal = 60A456EE198684F500E32BAA /* Project object */;
			proxyType = 1;
			remoteGlobalIDString = 60A456F5198684F500E32BAA;
			remoteInfo = "GitHub Request";
		};
/* End PBXContainerItemProxy section */

/* Begin PBXFileReference section */
		60A456F6198684F500E32BAA /* GitHub Request.app */ = {isa = PBXFileReference; explicitFileType = wrapper.application; includeInIndex = 0; path = "GitHub Request.app"; sourceTree = BUILT_PRODUCTS_DIR; };
		60A456F9198684F500E32BAA /* Foundation.framework */ = {isa = PBXFileReference; lastKnownFileType = wrapper.framework; name = Foundation.framework; path = System/Library/Frameworks/Foundation.framework; sourceTree = SDKROOT; };
		60A456FB198684F500E32BAA /* CoreGraphics.framework */ = {isa = PBXFileReference; lastKnownFileType = wrapper.framework; name = CoreGraphics.framework; path = System/Library/Frameworks/CoreGraphics.framework; sourceTree = SDKROOT; };
		60A456FD198684F500E32BAA /* UIKit.framework */ = {isa = PBXFileReference; lastKnownFileType = wrapper.framework; name = UIKit.framework; path = System/Library/Frameworks/UIKit.framework; sourceTree = SDKROOT; };
		60A45701198684F500E32BAA /* GitHub Request-Info.plist */ = {isa = PBXFileReference; lastKnownFileType = text.plist.xml; path = "GitHub Request-Info.plist"; sourceTree = "<group>"; };
		60A45703198684F500E32BAA /* en */ = {isa = PBXFileReference; lastKnownFileType = text.plist.strings; name = en; path = en.lproj/InfoPlist.strings; sourceTree = "<group>"; };
		60A45705198684F500E32BAA /* main.m */ = {isa = PBXFileReference; lastKnownFileType = sourcecode.c.objc; path = main.m; sourceTree = "<group>"; };
		60A45707198684F500E32BAA /* GitHub Request-Prefix.pch */ = {isa = PBXFileReference; lastKnownFileType = sourcecode.c.h; path = "GitHub Request-Prefix.pch"; sourceTree = "<group>"; };
		60A45708198684F500E32BAA /* GRAAppDelegate.h */ = {isa = PBXFileReference; lastKnownFileType = sourcecode.c.h; path = GRAAppDelegate.h; sourceTree = "<group>"; };
		60A45709198684F500E32BAA /* GRAAppDelegate.m */ = {isa = PBXFileReference; lastKnownFileType = sourcecode.c.objc; path = GRAAppDelegate.m; sourceTree = "<group>"; };
		60A4570B198684F500E32BAA /* Images.xcassets */ = {isa = PBXFileReference; lastKnownFileType = folder.assetcatalog; path = Images.xcassets; sourceTree = "<group>"; };
		60A45711198684F500E32BAA /* GitHub RequestTests.xctest */ = {isa = PBXFileReference; explicitFileType = wrapper.cfbundle; includeInIndex = 0; path = "GitHub RequestTests.xctest"; sourceTree = BUILT_PRODUCTS_DIR; };
		60A45712198684F500E32BAA /* XCTest.framework */ = {isa = PBXFileReference; lastKnownFileType = wrapper.framework; name = XCTest.framework; path = Library/Frameworks/XCTest.framework; sourceTree = DEVELOPER_DIR; };
		60A4571A198684F500E32BAA /* GitHub RequestTests-Info.plist */ = {isa = PBXFileReference; lastKnownFileType = text.plist.xml; path = "GitHub RequestTests-Info.plist"; sourceTree = "<group>"; };
		60A4571C198684F500E32BAA /* en */ = {isa = PBXFileReference; lastKnownFileType = text.plist.strings; name = en; path = en.lproj/InfoPlist.strings; sourceTree = "<group>"; };
		60A4571E198684F500E32BAA /* GitHub_RequestTests.m */ = {isa = PBXFileReference; lastKnownFileType = sourcecode.c.objc; path = GitHub_RequestTests.m; sourceTree = "<group>"; };
		60A457281986857D00E32BAA /* GRAGitHubRequest.h */ = {isa = PBXFileReference; fileEncoding = 4; lastKnownFileType = sourcecode.c.h; name = GRAGitHubRequest.h; path = "GitHub Request/GRAGitHubRequest.h"; sourceTree = "<group>"; };
		60A457291986857D00E32BAA /* GRAGitHubRequest.m */ = {isa = PBXFileReference; fileEncoding = 4; lastKnownFileType = sourcecode.c.objc; name = GRAGitHubRequest.m; path = "GitHub Request/GRAGitHubRequest.m"; sourceTree = "<group>"; };
/* End PBXFileReference section */

/* Begin PBXFrameworksBuildPhase section */
		60A456F3198684F500E32BAA /* Frameworks */ = {
			isa = PBXFrameworksBuildPhase;
			buildActionMask = 2147483647;
			files = (
				60A456FC198684F500E32BAA /* CoreGraphics.framework in Frameworks */,
				60A456FE198684F500E32BAA /* UIKit.framework in Frameworks */,
				60A456FA198684F500E32BAA /* Foundation.framework in Frameworks */,
			);
			runOnlyForDeploymentPostprocessing = 0;
		};
		60A4570E198684F500E32BAA /* Frameworks */ = {
			isa = PBXFrameworksBuildPhase;
			buildActionMask = 2147483647;
			files = (
				60A45713198684F500E32BAA /* XCTest.framework in Frameworks */,
				60A45715198684F500E32BAA /* UIKit.framework in Frameworks */,
				60A45714198684F500E32BAA /* Foundation.framework in Frameworks */,
			);
			runOnlyForDeploymentPostprocessing = 0;
		};
/* End PBXFrameworksBuildPhase section */

/* Begin PBXGroup section */
		60A456ED198684F500E32BAA = {
			isa = PBXGroup;
			children = (
				60A457281986857D00E32BAA /* GRAGitHubRequest.h */,
				60A457291986857D00E32BAA /* GRAGitHubRequest.m */,
				60A456FF198684F500E32BAA /* GitHub Request */,
				60A45718198684F500E32BAA /* GitHub RequestTests */,
				60A456F8198684F500E32BAA /* Frameworks */,
				60A456F7198684F500E32BAA /* Products */,
			);
			sourceTree = "<group>";
		};
		60A456F7198684F500E32BAA /* Products */ = {
			isa = PBXGroup;
			children = (
				60A456F6198684F500E32BAA /* GitHub Request.app */,
				60A45711198684F500E32BAA /* GitHub RequestTests.xctest */,
			);
			name = Products;
			sourceTree = "<group>";
		};
		60A456F8198684F500E32BAA /* Frameworks */ = {
			isa = PBXGroup;
			children = (
				60A456F9198684F500E32BAA /* Foundation.framework */,
				60A456FB198684F500E32BAA /* CoreGraphics.framework */,
				60A456FD198684F500E32BAA /* UIKit.framework */,
				60A45712198684F500E32BAA /* XCTest.framework */,
			);
			name = Frameworks;
			sourceTree = "<group>";
		};
		60A456FF198684F500E32BAA /* GitHub Request */ = {
			isa = PBXGroup;
			children = (
				60A45708198684F500E32BAA /* GRAAppDelegate.h */,
				60A45709198684F500E32BAA /* GRAAppDelegate.m */,
				60A4570B198684F500E32BAA /* Images.xcassets */,
				60A45700198684F500E32BAA /* Supporting Files */,
			);
			path = "GitHub Request";
			sourceTree = "<group>";
		};
		60A45700198684F500E32BAA /* Supporting Files */ = {
			isa = PBXGroup;
			children = (
				60A45701198684F500E32BAA /* GitHub Request-Info.plist */,
				60A45702198684F500E32BAA /* InfoPlist.strings */,
				60A45705198684F500E32BAA /* main.m */,
				60A45707198684F500E32BAA /* GitHub Request-Prefix.pch */,
			);
			name = "Supporting Files";
			sourceTree = "<group>";
		};
		60A45718198684F500E32BAA /* GitHub RequestTests */ = {
			isa = PBXGroup;
			children = (
				60A4571E198684F500E32BAA /* GitHub_RequestTests.m */,
				60A45719198684F500E32BAA /* Supporting Files */,
			);
			path = "GitHub RequestTests";
			sourceTree = "<group>";
		};
		60A45719198684F500E32BAA /* Supporting Files */ = {
			isa = PBXGroup;
			children = (
				60A4571A198684F500E32BAA /* GitHub RequestTests-Info.plist */,
				60A4571B198684F500E32BAA /* InfoPlist.strings */,
			);
			name = "Supporting Files";
			sourceTree = "<group>";
		};
/* End PBXGroup section */

/* Begin PBXNativeTarget section */
		60A456F5198684F500E32BAA /* GitHub Request */ = {
			isa = PBXNativeTarget;
			buildConfigurationList = 60A45722198684F500E32BAA /* Build configuration list for PBXNativeTarget "GitHub Request" */;
			buildPhases = (
				60A456F2198684F500E32BAA /* Sources */,
				60A456F3198684F500E32BAA /* Frameworks */,
				60A456F4198684F500E32BAA /* Resources */,
			);
			buildRules = (
			);
			dependencies = (
			);
			name = "GitHub Request";
			productName = "GitHub Request";
			productReference = 60A456F6198684F500E32BAA /* GitHub Request.app */;
			productType = "com.apple.product-type.application";
		};
		60A45710198684F500E32BAA /* GitHub RequestTests */ = {
			isa = PBXNativeTarget;
			buildConfigurationList = 60A45725198684F500E32BAA /* Build configuration list for PBXNativeTarget "GitHub RequestTests" */;
			buildPhases = (
				60A4570D198684F500E32BAA /* Sources */,
				60A4570E198684F500E32BAA /* Frameworks */,
				60A4570F198684F500E32BAA /* Resources */,
			);
			buildRules = (
			);
			dependencies = (
				60A45717198684F500E32BAA /* PBXTargetDependency */,
			);
			name = "GitHub RequestTests";
			productName = "GitHub RequestTests";
			productReference = 60A45711198684F500E32BAA /* GitHub RequestTests.xctest */;
			productType = "com.apple.product-type.bundle.unit-test";
		};
/* End PBXNativeTarget section */

/* Begin PBXProject section */
		60A456EE198684F500E32BAA /* Project object */ = {
			isa = PBXProject;
			attributes = {
				CLASSPREFIX = GRA;
				LastUpgradeCheck = 0510;
				ORGANIZATIONNAME = "Shane Sniteman";
				TargetAttributes = {
					60A45710198684F500E32BAA = {
						TestTargetID = 60A456F5198684F500E32BAA;
					};
				};
			};
			buildConfigurationList = 60A456F1198684F500E32BAA /* Build configuration list for PBXProject "GitHub Request" */;
			compatibilityVersion = "Xcode 3.2";
			developmentRegion = English;
			hasScannedForEncodings = 0;
			knownRegions = (
				en,
			);
			mainGroup = 60A456ED198684F500E32BAA;
			productRefGroup = 60A456F7198684F500E32BAA /* Products */;
			projectDirPath = "";
			projectRoot = "";
			targets = (
				60A456F5198684F500E32BAA /* GitHub Request */,
				60A45710198684F500E32BAA /* GitHub RequestTests */,
			);
		};
/* End PBXProject section */

/* Begin PBXResourcesBuildPhase section */
		60A456F4198684F500E32BAA /* Resources */ = {
			isa = PBXResourcesBuildPhase;
			buildActionMask = 2147483647;
			files = (
				60A45704198684F500E32BAA /* InfoPlist.strings in Resources */,
				60A4570C198684F500E32BAA /* Images.xcassets in Resources */,
			);
			runOnlyForDeploymentPostprocessing = 0;
		};
		60A4570F198684F500E32BAA /* Resources */ = {
			isa = PBXResourcesBuildPhase;
			buildActionMask = 2147483647;
			files = (
				60A4571D198684F500E32BAA /* InfoPlist.strings in Resources */,
			);
			runOnlyForDeploymentPostprocessing = 0;
		};
/* End PBXResourcesBuildPhase section */

/* Begin PBXSourcesBuildPhase section */
		60A456F2198684F500E32BAA /* Sources */ = {
			isa = PBXSourcesBuildPhase;
			buildActionMask = 2147483647;
			files = (
				60A4572A1986857D00E32BAA /* GRAGitHubRequest.m in Sources */,
				60A45706198684F500E32BAA /* main.m in Sources */,
				60A4570A198684F500E32BAA /* GRAAppDelegate.m in Sources */,
			);
			runOnlyForDeploymentPostprocessing = 0;
		};
		60A4570D198684F500E32BAA /* Sources */ = {
			isa = PBXSourcesBuildPhase;
			buildActionMask = 2147483647;
			files = (
				60A4571F198684F500E32BAA /* GitHub_RequestTests.m in Sources */,
			);
			runOnlyForDeploymentPostprocessing = 0;
		};
/* End PBXSourcesBuildPhase section */

/* Begin PBXTargetDependency section */
		60A45717198684F500E32BAA /* PBXTargetDependency */ = {
			isa = PBXTargetDependency;
			target = 60A456F5198684F500E32BAA /* GitHub Request */;
			targetProxy = 60A45716198684F500E32BAA /* PBXContainerItemProxy */;
		};
/* End PBXTargetDependency section */

/* Begin PBXVariantGroup section */
		60A45702198684F500E32BAA /* InfoPlist.strings */ = {
			isa = PBXVariantGroup;
			children = (
				60A45703198684F500E32BAA /* en */,
			);
			name = InfoPlist.strings;
			sourceTree = "<group>";
		};
		60A4571B198684F500E32BAA /* InfoPlist.strings */ = {
			isa = PBXVariantGroup;
			children = (
				60A4571C198684F500E32BAA /* en */,
			);
			name = InfoPlist.strings;
			sourceTree = "<group>";
		};
/* End PBXVariantGroup section */

/* Begin XCBuildConfiguration section */
		60A45720198684F500E32BAA /* Debug */ = {
			isa = XCBuildConfiguration;
			buildSettings = {
				ALWAYS_SEARCH_USER_PATHS = NO;
				CLANG_CXX_LANGUAGE_STANDARD = "gnu++0x";
				CLANG_CXX_LIBRARY = "libc++";
				CLANG_ENABLE_MODULES = YES;
				CLANG_ENABLE_OBJC_ARC = YES;
				CLANG_WARN_BOOL_CONVERSION = YES;
				CLANG_WARN_CONSTANT_CONVERSION = YES;
				CLANG_WARN_DIRECT_OBJC_ISA_USAGE = YES_ERROR;
				CLANG_WARN_EMPTY_BODY = YES;
				CLANG_WARN_ENUM_CONVERSION = YES;
				CLANG_WARN_INT_CONVERSION = YES;
				CLANG_WARN_OBJC_ROOT_CLASS = YES_ERROR;
				CLANG_WARN__DUPLICATE_METHOD_MATCH = YES;
				"CODE_SIGN_IDENTITY[sdk=iphoneos*]" = "iPhone Developer";
				COPY_PHASE_STRIP = NO;
				GCC_C_LANGUAGE_STANDARD = gnu99;
				GCC_DYNAMIC_NO_PIC = NO;
				GCC_OPTIMIZATION_LEVEL = 0;
				GCC_PREPROCESSOR_DEFINITIONS = (
					"DEBUG=1",
					"$(inherited)",
				);
				GCC_SYMBOLS_PRIVATE_EXTERN = NO;
				GCC_WARN_64_TO_32_BIT_CONVERSION = YES;
				GCC_WARN_ABOUT_RETURN_TYPE = YES_ERROR;
				GCC_WARN_UNDECLARED_SELECTOR = YES;
				GCC_WARN_UNINITIALIZED_AUTOS = YES_AGGRESSIVE;
				GCC_WARN_UNUSED_FUNCTION = YES;
				GCC_WARN_UNUSED_VARIABLE = YES;
				IPHONEOS_DEPLOYMENT_TARGET = 7.1;
				ONLY_ACTIVE_ARCH = YES;
				SDKROOT = iphoneos;
			};
			name = Debug;
		};
		60A45721198684F500E32BAA /* Release */ = {
			isa = XCBuildConfiguration;
			buildSettings = {
				ALWAYS_SEARCH_USER_PATHS = NO;
				CLANG_CXX_LANGUAGE_STANDARD = "gnu++0x";
				CLANG_CXX_LIBRARY = "libc++";
				CLANG_ENABLE_MODULES = YES;
				CLANG_ENABLE_OBJC_ARC = YES;
				CLANG_WARN_BOOL_CONVERSION = YES;
				CLANG_WARN_CONSTANT_CONVERSION = YES;
				CLANG_WARN_DIRECT_OBJC_ISA_USAGE = YES_ERROR;
				CLANG_WARN_EMPTY_BODY = YES;
				CLANG_WARN_ENUM_CONVERSION = YES;
				CLANG_WARN_INT_CONVERSION = YES;
				CLANG_WARN_OBJC_ROOT_CLASS = YES_ERROR;
				CLANG_WARN__DUPLICATE_METHOD_MATCH = YES;
				"CODE_SIGN_IDENTITY[sdk=iphoneos*]" = "iPhone Developer";
				COPY_PHASE_STRIP = YES;
				ENABLE_NS_ASSERTIONS = NO;
				GCC_C_LANGUAGE_STANDARD = gnu99;
				GCC_WARN_64_TO_32_BIT_CONVERSION = YES;
				GCC_WARN_ABOUT_RETURN_TYPE = YES_ERROR;
				GCC_WARN_UNDECLARED_SELECTOR = YES;
				GCC_WARN_UNINITIALIZED_AUTOS = YES_AGGRESSIVE;
				GCC_WARN_UNUSED_FUNCTION = YES;
				GCC_WARN_UNUSED_VARIABLE = YES;
				IPHONEOS_DEPLOYMENT_TARGET = 7.1;
				SDKROOT = iphoneos;
				VALIDATE_PRODUCT = YES;
			};
			name = Release;
		};
		60A45723198684F500E32BAA /* Debug */ = {
			isa = XCBuildConfiguration;
			buildSettings = {
				ASSETCATALOG_COMPILER_APPICON_NAME = AppIcon;
				ASSETCATALOG_COMPILER_LAUNCHIMAGE_NAME = LaunchImage;
				GCC_PRECOMPILE_PREFIX_HEADER = YES;
				GCC_PREFIX_HEADER = "GitHub Request/GitHub Request-Prefix.pch";
				INFOPLIST_FILE = "GitHub Request/GitHub Request-Info.plist";
				PRODUCT_NAME = "$(TARGET_NAME)";
				WRAPPER_EXTENSION = app;
			};
			name = Debug;
		};
		60A45724198684F500E32BAA /* Release */ = {
			isa = XCBuildConfiguration;
			buildSettings = {
				ASSETCATALOG_COMPILER_APPICON_NAME = AppIcon;
				ASSETCATALOG_COMPILER_LAUNCHIMAGE_NAME = LaunchImage;
				GCC_PRECOMPILE_PREFIX_HEADER = YES;
				GCC_PREFIX_HEADER = "GitHub Request/GitHub Request-Prefix.pch";
				INFOPLIST_FILE = "GitHub Request/GitHub Request-Info.plist";
				PRODUCT_NAME = "$(TARGET_NAME)";
				WRAPPER_EXTENSION = app;
			};
			name = Release;
		};
		60A45726198684F500E32BAA /* Debug */ = {
			isa = XCBuildConfiguration;
			buildSettings = {
				BUNDLE_LOADER = "$(BUILT_PRODUCTS_DIR)/GitHub Request.app/GitHub Request";
				FRAMEWORK_SEARCH_PATHS = (
					"$(SDKROOT)/Developer/Library/Frameworks",
					"$(inherited)",
					"$(DEVELOPER_FRAMEWORKS_DIR)",
				);
				GCC_PRECOMPILE_PREFIX_HEADER = YES;
				GCC_PREFIX_HEADER = "GitHub Request/GitHub Request-Prefix.pch";
				GCC_PREPROCESSOR_DEFINITIONS = (
					"DEBUG=1",
					"$(inherited)",
				);
				INFOPLIST_FILE = "GitHub RequestTests/GitHub RequestTests-Info.plist";
				PRODUCT_NAME = "$(TARGET_NAME)";
				TEST_HOST = "$(BUNDLE_LOADER)";
				WRAPPER_EXTENSION = xctest;
			};
			name = Debug;
		};
		60A45727198684F500E32BAA /* Release */ = {
			isa = XCBuildConfiguration;
			buildSettings = {
				BUNDLE_LOADER = "$(BUILT_PRODUCTS_DIR)/GitHub Request.app/GitHub Request";
				FRAMEWORK_SEARCH_PATHS = (
					"$(SDKROOT)/Developer/Library/Frameworks",
					"$(inherited)",
					"$(DEVELOPER_FRAMEWORKS_DIR)",
				);
				GCC_PRECOMPILE_PREFIX_HEADER = YES;
				GCC_PREFIX_HEADER = "GitHub Request/GitHub Request-Prefix.pch";
				INFOPLIST_FILE = "GitHub RequestTests/GitHub RequestTests-Info.plist";
				PRODUCT_NAME = "$(TARGET_NAME)";
				TEST_HOST = "$(BUNDLE_LOADER)";
				WRAPPER_EXTENSION = xctest;
			};
			name = Release;
		};
/* End XCBuildConfiguration section */

/* Begin XCConfigurationList section */
		60A456F1198684F500E32BAA /* Build configuration list for PBXProject "GitHub Request" */ = {
			isa = XCConfigurationList;
			buildConfigurations = (
				60A45720198684F500E32BAA /* Debug */,
				60A45721198684F500E32BAA /* Release */,
			);
			defaultConfigurationIsVisible = 0;
			defaultConfigurationName = Release;
		};
		60A45722198684F500E32BAA /* Build configuration list for PBXNativeTarget "GitHub Request" */ = {
			isa = XCConfigurationList;
			buildConfigurations = (
				60A45723198684F500E32BAA /* Debug */,
				60A45724198684F500E32BAA /* Release */,
			);
			defaultConfigurationIsVisible = 0;
		};
		60A45725198684F500E32BAA /* Build configuration list for PBXNativeTarget "GitHub RequestTests" */ = {
			isa = XCConfigurationList;
			buildConfigurations = (
				60A45726198684F500E32BAA /* Debug */,
				60A45727198684F500E32BAA /* Release */,
			);
			defaultConfigurationIsVisible = 0;
		};
/* End XCConfigurationList section */
	};
	rootObject = 60A456EE198684F500E32BAA /* Project object */;
}
